// !$*UTF8*$!
{
	archiveVersion = 1;
	classes = {
	};
	objectVersion = 77;
	objects = {

/* Begin PBXBuildFile section */
		054BA61C6B34B2C3AF22D1EA /* TransporteURLSession.swift in Sources */ = {isa = PBXBuildFile; fileRef = 8B8F804944BFC596A192A94A /* TransporteURLSession.swift */; };
		0868525DF3D9020AF9A7634D /* ConfiguracionDeLaAPI.swift in Sources */ = {isa = PBXBuildFile; fileRef = F776C4A98738141A00E0F264 /* ConfiguracionDeLaAPI.swift */; };
		0983182361236057D6BF8142 /* CompatibilidadDeDiscoTests.swift in Sources */ = {isa = PBXBuildFile; fileRef = E9517B43C3E37C64DC43A0B8 /* CompatibilidadDeDiscoTests.swift */; };
		0C32B64B5426A1ABC2EF6AD6 /* LectorDePerfil.swift in Sources */ = {isa = PBXBuildFile; fileRef = 704863CCA437CBAEDCE7BB0A /* LectorDePerfil.swift */; };
		112DBFE24C7AA958EA658541 /* ClienteAPITests.swift in Sources */ = {isa = PBXBuildFile; fileRef = 40CA5695BEBEFAADE16004D3 /* ClienteAPITests.swift */; };
		1374415C05B0CF573C91AE94 /* FechaDeBogotaTests.swift in Sources */ = {isa = PBXBuildFile; fileRef = E2AD236673A8FC4EC67AF62F /* FechaDeBogotaTests.swift */; };
		139554638AA8D65E31130037 /* NotificadorTests.swift in Sources */ = {isa = PBXBuildFile; fileRef = C3EE7B67B16C9F9159A3116A /* NotificadorTests.swift */; };
		154B95D86201660CA2D8742A /* Peticion.swift in Sources */ = {isa = PBXBuildFile; fileRef = ABC804F9FF47689B93615DC3 /* Peticion.swift */; };
		16A6ABD43C0B068B2E0D5F25 /* ContenedorWeb.swift in Sources */ = {isa = PBXBuildFile; fileRef = 0C9DA4ED9336026EAD5FD6F8 /* ContenedorWeb.swift */; };
		1C2452CD1F4C7F6D084C6923 /* EntrarView.swift in Sources */ = {isa = PBXBuildFile; fileRef = 095C2A9EC9B147046BDB8C41 /* EntrarView.swift */; };
		1C3B9F81F25FD47DAC991689 /* RegistrarGastoDeSMSIntent.swift in Sources */ = {isa = PBXBuildFile; fileRef = 902F64B735FB60D46E764539 /* RegistrarGastoDeSMSIntent.swift */; };
		1D7206ECBCC76DC007E540E7 /* CampoDeMonto.swift in Sources */ = {isa = PBXBuildFile; fileRef = 995063120D5E2233EB819365 /* CampoDeMonto.swift */; };
		247CADAB55789DBB6802EB13 /* LectorDeMonto.swift in Sources */ = {isa = PBXBuildFile; fileRef = 705B5D2A364D9D16262CCF8C /* LectorDeMonto.swift */; };
		249FF8B7A5BE36235DB1F7B2 /* RegistrarGastoDeWalletIntent.swift in Sources */ = {isa = PBXBuildFile; fileRef = 495DDA2BB21DF7DE20C30404 /* RegistrarGastoDeWalletIntent.swift */; };
		271056A643B6FBC3D9ED370B /* Assets.xcassets in Resources */ = {isa = PBXBuildFile; fileRef = 264EF24D021A7523F1BAA85D /* Assets.xcassets */; };
		2777F1A7ACC775D5E203F796 /* TareasDeFondo.swift in Sources */ = {isa = PBXBuildFile; fileRef = A9E800C643186A63950B1CA0 /* TareasDeFondo.swift */; };
		27AA05A29D1D80A999CFB5B4 /* NotificadorDelSistema.swift in Sources */ = {isa = PBXBuildFile; fileRef = C0B85B7C406031B78EE30EAF /* NotificadorDelSistema.swift */; };
		293B6BBA8CB125A85B8D4F6C /* TransporteFalso.swift in Sources */ = {isa = PBXBuildFile; fileRef = 4CF6BAFEC32DDACF9AD70988 /* TransporteFalso.swift */; };
		2AA19C3AE136216F22922095 /* AjustesView.swift in Sources */ = {isa = PBXBuildFile; fileRef = 0E151B43712830942226A41D /* AjustesView.swift */; };
		2D81D5F37B2D6C620C0297CE /* ColaDeCapturas.swift in Sources */ = {isa = PBXBuildFile; fileRef = CD91843A2BD9892229292326 /* ColaDeCapturas.swift */; };
		2FE29110A7377EB1A63DFE03 /* ContratosTests.swift in Sources */ = {isa = PBXBuildFile; fileRef = 20E540ABDD4031ED4E9EED01 /* ContratosTests.swift */; };
		3107B99728FF5D510E146AF1 /* EnrutadorTests.swift in Sources */ = {isa = PBXBuildFile; fileRef = 76A767E5CAC8726AD6ED7BC0 /* EnrutadorTests.swift */; };
		328E010DCB0A7DBE5AAF00BC /* CapturadorConColaTests.swift in Sources */ = {isa = PBXBuildFile; fileRef = ACA87EC0769324CD1DC5CCE4 /* CapturadorConColaTests.swift */; };
		33BF36AAA93AC3B837D0D293 /* TomaDeFoto.swift in Sources */ = {isa = PBXBuildFile; fileRef = AD61B2AEEC978384AF6C3515 /* TomaDeFoto.swift */; };
		34867E234CFA8361CB151D98 /* MasView.swift in Sources */ = {isa = PBXBuildFile; fileRef = DFF4DEB976B559502F389EFD /* MasView.swift */; };
		38400EF0F06DA5FD86B8262F /* IndiceDelArbolTests.swift in Sources */ = {isa = PBXBuildFile; fileRef = 3431F9777E77EA6176052758 /* IndiceDelArbolTests.swift */; };
		3D00D51DE3F6EFF55563D09B /* AvisoDeVencimiento.swift in Sources */ = {isa = PBXBuildFile; fileRef = B04DE62F8D527EEBB4692EB8 /* AvisoDeVencimiento.swift */; };
		3D022966E033FF6FDCB98F7B /* Conectividad.swift in Sources */ = {isa = PBXBuildFile; fileRef = C8BF6EDC9C01E1A6D7981DB6 /* Conectividad.swift */; };
		3DF6B00870D446EE3AE9C4AC /* PasosDeAutomatizacionTests.swift in Sources */ = {isa = PBXBuildFile; fileRef = 083BF2CA707DA8C2F2B7056F /* PasosDeAutomatizacionTests.swift */; };
		489776BDA37B607D5F8B369C /* CocoApp.swift in Sources */ = {isa = PBXBuildFile; fileRef = B4D0133AF66A900BEEF56E9D /* CocoApp.swift */; };
		49D700F488E659F0D6739787 /* SincronizadorDelArbol.swift in Sources */ = {isa = PBXBuildFile; fileRef = 71EFF7E16B36514F00BC2A1D /* SincronizadorDelArbol.swift */; };
		5151963A0F51BA0EF0CAE432 /* Pesos.swift in Sources */ = {isa = PBXBuildFile; fileRef = FF8EA528AECF59BCE493F3C0 /* Pesos.swift */; };
		571A05CF3E7811375C84A78A /* PuenteWeb.swift in Sources */ = {isa = PBXBuildFile; fileRef = 62282474AE888357965965FF /* PuenteWeb.swift */; };
		5870AFD54266DD15ECAF1A0A /* ColaDeCapturasTests.swift in Sources */ = {isa = PBXBuildFile; fileRef = 17A16948003A31F471FB5EB4 /* ColaDeCapturasTests.swift */; };
		5A1A531FC1095410B356E378 /* PasosDeAutomatizacion.swift in Sources */ = {isa = PBXBuildFile; fileRef = 4F2CE13AF5DF47B2626E3E28 /* PasosDeAutomatizacion.swift */; };
		605BD01D4941A57283248287 /* CocoAccesos.swift in Sources */ = {isa = PBXBuildFile; fileRef = 0713526A7C4E28F50CC06FD0 /* CocoAccesos.swift */; };
		634B8ADED0541CFB5A093195 /* ReintentoTests.swift in Sources */ = {isa = PBXBuildFile; fileRef = D0A39ABB36ECEEF42E7E2A2E /* ReintentoTests.swift */; };
		691ED1090BBA508D807C3880 /* SesionNativaTests.swift in Sources */ = {isa = PBXBuildFile; fileRef = DB42958BA3737E4586C3A6E7 /* SesionNativaTests.swift */; };
		6A101C034C36243F5F8C6B35 /* LectorDePerfilTests.swift in Sources */ = {isa = PBXBuildFile; fileRef = 8978EE98AF14316889CA1F46 /* LectorDePerfilTests.swift */; };
		6D2D742BBC074DB7DDA2AE58 /* DoblesDeColaYPuente.swift in Sources */ = {isa = PBXBuildFile; fileRef = 6F2220C3F8AB81C93A3EC743 /* DoblesDeColaYPuente.swift */; };
		705AE9E7F0E9890CFD582205 /* AlmacenDeColaEnDisco.swift in Sources */ = {isa = PBXBuildFile; fileRef = B4708CEF16ADB0CC041CE2AB /* AlmacenDeColaEnDisco.swift */; };
		75480AA194A0E0A4F95F131C /* IndiceDelArbol.swift in Sources */ = {isa = PBXBuildFile; fileRef = 9228E3EBDBCD7E008179BA27 /* IndiceDelArbol.swift */; };
		7549DCF518495299B6AFBF33 /* EncogedorDeFoto.swift in Sources */ = {isa = PBXBuildFile; fileRef = 2BE4D91F3DE1228ED069FD5E /* EncogedorDeFoto.swift */; };
		7567EBDFF084EC156D8064C2 /* EnviadorPorAPI.swift in Sources */ = {isa = PBXBuildFile; fileRef = 57C52A8CD743BCBC23020845 /* EnviadorPorAPI.swift */; };
		79146E00A8FCF281E3B7945A /* CapturasView.swift in Sources */ = {isa = PBXBuildFile; fileRef = 5F04DEAF604D4ACBDA5DD94C /* CapturasView.swift */; };
		792C757BD11655765A567C6D /* Enrutador.swift in Sources */ = {isa = PBXBuildFile; fileRef = A1D5C15A39CDA665C0057DCA /* Enrutador.swift */; };
		798D6D597ABECA8DFD1893AF /* ConceptosRecientesTests.swift in Sources */ = {isa = PBXBuildFile; fileRef = 8EE2F2BF3203ED162AD60851 /* ConceptosRecientesTests.swift */; };
		7AB5DA185C6A7B0ECA668DF4 /* ScriptDeArranque.swift in Sources */ = {isa = PBXBuildFile; fileRef = B291859714582DF59883B62C /* ScriptDeArranque.swift */; };
		7C9ECD1CCA7A75EB49694FE3 /* ConfiguracionDeLaAPITests.swift in Sources */ = {isa = PBXBuildFile; fileRef = 9047212FDCF85FD113A0FD20 /* ConfiguracionDeLaAPITests.swift */; };
		82029DE00391767851694572 /* RellenoDelFormulario.swift in Sources */ = {isa = PBXBuildFile; fileRef = 6607204E3E16A8D40DEE1518 /* RellenoDelFormulario.swift */; };
		82B7B6443C47AEC9DCCA1262 /* Assets.xcassets in Resources */ = {isa = PBXBuildFile; fileRef = C3D164829C9F711DCF69B85E /* Assets.xcassets */; };
		8354F8351E95694B71479408 /* BienvenidaView.swift in Sources */ = {isa = PBXBuildFile; fileRef = 6FE77E8EF27507FC596403E9 /* BienvenidaView.swift */; };
		83617E16087309F47D1F7EFD /* CapturaPendiente.swift in Sources */ = {isa = PBXBuildFile; fileRef = F1737FCB8E19635B4BD07FCE /* CapturaPendiente.swift */; };
		8525C3FF192CC178D035A756 /* LlaveroDelSistema.swift in Sources */ = {isa = PBXBuildFile; fileRef = 25D8B91DFC1839456D084E38 /* LlaveroDelSistema.swift */; };
		89E51B218C0C0466078F6543 /* BuscadorDeConceptoView.swift in Sources */ = {isa = PBXBuildFile; fileRef = 63FC1CD7861F381FF8E1F14C /* BuscadorDeConceptoView.swift */; };
		8C4065C489CD124CA11C53DB /* WidgetDeCaptura.swift in Sources */ = {isa = PBXBuildFile; fileRef = 40A335464520F84AA4A0A560 /* WidgetDeCaptura.swift */; };
		8CAA37E16F725FE8154F8088 /* Marca.swift in Sources */ = {isa = PBXBuildFile; fileRef = 5B4DD989E4B553DC163165B8 /* Marca.swift */; };
		8DE40839F46158BFB6154DAC /* ControlDeCaptura.swift in Sources */ = {isa = PBXBuildFile; fileRef = 2B81FFF4ABAC1D59A7DD972E /* ControlDeCaptura.swift */; };
		9775CEA766029C9AAF72D0FA /* LectorDeReciboTests.swift in Sources */ = {isa = PBXBuildFile; fileRef = DB5F2602CD172362BCE614AA /* LectorDeReciboTests.swift */; };
		9BAD6A84453673A0D8368169 /* DependenciasDeIntents.swift in Sources */ = {isa = PBXBuildFile; fileRef = AAFAAE7D5C526A6048C7EC71 /* DependenciasDeIntents.swift */; };
		9BB84DABB483ACB21B89EDEF /* ParametrosDeAccion.swift in Sources */ = {isa = PBXBuildFile; fileRef = 81F6252E83F6AA234C0FB179 /* ParametrosDeAccion.swift */; };
		9C31D9DA6F59DB374E830C04 /* DependenciasTests.swift in Sources */ = {isa = PBXBuildFile; fileRef = EBB4B472586A8F791D55447E /* DependenciasTests.swift */; };
		9FDD952F78D5661140F9AC4D /* ConstructorDePeticionesTests.swift in Sources */ = {isa = PBXBuildFile; fileRef = DE22BF0E489974BF73AA6789 /* ConstructorDePeticionesTests.swift */; };
		A0218B0BEA4F778CD55DC5CF /* FechaDeBogota.swift in Sources */ = {isa = PBXBuildFile; fileRef = 295B6B51D25BDA522B7A08E1 /* FechaDeBogota.swift */; };
		A0AEAAE08A8551206F80A93C /* ReductorDeFotos.swift in Sources */ = {isa = PBXBuildFile; fileRef = 062A50882722E2940BC63A0E /* ReductorDeFotos.swift */; };
		A6591F0F0FEB1A59F366A93B /* Contratos.swift in Sources */ = {isa = PBXBuildFile; fileRef = 6B2E8B2BCC16D51A148FD291 /* Contratos.swift */; };
		A684112DF2051059C4BD6686 /* AtajosDeCoco.swift in Sources */ = {isa = PBXBuildFile; fileRef = BB046D55DFB1175E380A7B06 /* AtajosDeCoco.swift */; };
		A92F0F6E4222944224F9FD92 /* Bitacora.swift in Sources */ = {isa = PBXBuildFile; fileRef = 4170682A997D17C0985952FC /* Bitacora.swift */; };
		ADC657E3939F524F654B73EF /* AbrirCapturaIntent.swift in Sources */ = {isa = PBXBuildFile; fileRef = 06A5FE5E1961BB7359B2A298 /* AbrirCapturaIntent.swift */; };
		B1F84B8AAA16016A16CAFF9F /* ErrorDeAPI.swift in Sources */ = {isa = PBXBuildFile; fileRef = 5666B0B381BF9D89C69ABB85 /* ErrorDeAPI.swift */; };
		B728F3E69339033F2AF70D8A /* ArbolGuardado.swift in Sources */ = {isa = PBXBuildFile; fileRef = ECB00CE1145CB4157D246082 /* ArbolGuardado.swift */; };
		B800675C2C0FE6EAC0E1882F /* TareasDeFondoTests.swift in Sources */ = {isa = PBXBuildFile; fileRef = 77F7B255166E1F1539BEED35 /* TareasDeFondoTests.swift */; };
		BE8E33A6C9AD08836EE99449 /* AvisoDeVencimientoTests.swift in Sources */ = {isa = PBXBuildFile; fileRef = D808F73C2A3BD88B49276AFB /* AvisoDeVencimientoTests.swift */; };
		C250BB45A4B63199B702D049 /* SesionNativa.swift in Sources */ = {isa = PBXBuildFile; fileRef = 9861964AA562797C269FF943 /* SesionNativa.swift */; };
		C5ABBE31D217BBE002A011A6 /* PuenteWebTests.swift in Sources */ = {isa = PBXBuildFile; fileRef = A33ED5AD474DBF3389F59A96 /* PuenteWebTests.swift */; };
		C955CAC058C5793458F2FBD1 /* SinConexionView.swift in Sources */ = {isa = PBXBuildFile; fileRef = 28FA70F616ABCAAF2963C204 /* SinConexionView.swift */; };
		CA6CDB82115D51833EA4BBC7 /* ClienteAPI.swift in Sources */ = {isa = PBXBuildFile; fileRef = AAE7F6E622FC53230C947C9F /* ClienteAPI.swift */; };
		D018462374F7B00167A0EE10 /* ConceptosRecientes.swift in Sources */ = {isa = PBXBuildFile; fileRef = 4185F16F286C1C96D9FEBAF3 /* ConceptosRecientes.swift */; };
		D0908B29FADC058D3A9401BF /* Protocolos.swift in Sources */ = {isa = PBXBuildFile; fileRef = 436A64E8F3CC1B1ECE83A22E /* Protocolos.swift */; };
		D09B0EF59DAE686B50B46E9F /* Reintento.swift in Sources */ = {isa = PBXBuildFile; fileRef = 8091994F9E0243E86CAAF579 /* Reintento.swift */; };
		D126B3C71891577A88C3350B /* RaizView.swift in Sources */ = {isa = PBXBuildFile; fileRef = 39D9F0788E546F84043A37C6 /* RaizView.swift */; };
		D62407C8D6B3E69CF4F82D56 /* Dependencias.swift in Sources */ = {isa = PBXBuildFile; fileRef = 8852FD9BC76B5D8365967AEB /* Dependencias.swift */; };
		D6889F37441706C717688DC2 /* EncogedorDeFotoTests.swift in Sources */ = {isa = PBXBuildFile; fileRef = 2523DE71E6F087831D278014 /* EncogedorDeFotoTests.swift */; };
		D6E7F4BABDB1FDC9DC031CF2 /* CapturadorConCola.swift in Sources */ = {isa = PBXBuildFile; fileRef = 7BC96718CA6DB97A2ED957A9 /* CapturadorConCola.swift */; };
		D7C08970BFF48E81C0D9D19B /* ParametrosDeAccionTests.swift in Sources */ = {isa = PBXBuildFile; fileRef = 139C3850F0359E7DB0A3499B /* ParametrosDeAccionTests.swift */; };
		E1CD9B46D33E60177248F08F /* FormularioRapidoView.swift in Sources */ = {isa = PBXBuildFile; fileRef = 748B5162F33C84F8EDF8E20B /* FormularioRapidoView.swift */; };
		E2B59D55E3110AFDD6AB7442 /* SincronizadorDelArbolTests.swift in Sources */ = {isa = PBXBuildFile; fileRef = F2A88D760C18B51CBCAD72E5 /* SincronizadorDelArbolTests.swift */; };
		E5B3923067D832ACDCE9F384 /* CuerpoDeCaptura.swift in Sources */ = {isa = PBXBuildFile; fileRef = 5A00A3D69DFC17996B72BC3F /* CuerpoDeCaptura.swift */; };
		E5BC73CBA5B7723D4213D100 /* LectorDeRecibo.swift in Sources */ = {isa = PBXBuildFile; fileRef = F084DB6644E8BB292D4ECA33 /* LectorDeRecibo.swift */; };
		E855518332A7AAFFD12CD5B8 /* RellenoDelFormularioTests.swift in Sources */ = {isa = PBXBuildFile; fileRef = 67A2172A6E364D6EFCBC84F1 /* RellenoDelFormularioTests.swift */; };
		E93F45F5B168EA7A77299181 /* AlmacenDelArbolEnDisco.swift in Sources */ = {isa = PBXBuildFile; fileRef = BA03C49C89C2FE52BB7449ED /* AlmacenDelArbolEnDisco.swift */; };
		E95B6C912841CEF1C6869222 /* RegistrarGastoManualIntent.swift in Sources */ = {isa = PBXBuildFile; fileRef = 6B429A41B31D5F90DCAC4F10 /* RegistrarGastoManualIntent.swift */; };
		EFEF06392E0BD15120B688A8 /* LectorDeMontoTests.swift in Sources */ = {isa = PBXBuildFile; fileRef = 36EB0357B2162A0705D0366A /* LectorDeMontoTests.swift */; };
		F33700EEEAF511EB64380EFD /* CocoAccesos.appex in Embed Foundation Extensions */ = {isa = PBXBuildFile; fileRef = C27CF4E3C95319D360F508BD /* CocoAccesos.appex */; settings = {ATTRIBUTES = (RemoveHeadersOnCopy, ); }; };
		F9742E59B5BC5F4EB0C961E5 /* ModeloDelFormulario.swift in Sources */ = {isa = PBXBuildFile; fileRef = F0E37280F9663746F0FF7F27 /* ModeloDelFormulario.swift */; };
		FB7EE6B8A237E983AD98B643 /* ModeloDelFormularioTests.swift in Sources */ = {isa = PBXBuildFile; fileRef = 207B6B0EBF40A7B67AA99656 /* ModeloDelFormularioTests.swift */; };
		FEBCE78887106ADE8BE59513 /* Llavero.swift in Sources */ = {isa = PBXBuildFile; fileRef = EBCB5ED69271432E3E1F4608 /* Llavero.swift */; };
		FFB57547713A1082CD44D486 /* VistaWeb.swift in Sources */ = {isa = PBXBuildFile; fileRef = 7F6961E55476B1823CCB6C00 /* VistaWeb.swift */; };
/* End PBXBuildFile section */

/* Begin PBXContainerItemProxy section */
		3989806950071705EEAB5432 /* PBXContainerItemProxy */ = {
			isa = PBXContainerItemProxy;
			containerPortal = 494DAA59E0F4BE1556ACEB87 /* Project object */;
			proxyType = 1;
			remoteGlobalIDString = B588E7156C73FE1C437FB70B;
			remoteInfo = Coco;
		};
		8022297DD6931A2048A7DE76 /* PBXContainerItemProxy */ = {
			isa = PBXContainerItemProxy;
			containerPortal = 494DAA59E0F4BE1556ACEB87 /* Project object */;
			proxyType = 1;
			remoteGlobalIDString = D9403B14E6899A8C8965733D;
			remoteInfo = CocoAccesos;
		};
/* End PBXContainerItemProxy section */

/* Begin PBXCopyFilesBuildPhase section */
		D93091C122DDDACB6559FD1C /* Embed Foundation Extensions */ = {
			isa = PBXCopyFilesBuildPhase;
			buildActionMask = 2147483647;
			dstPath = "";
			dstSubfolderSpec = 13;
			files = (
				F33700EEEAF511EB64380EFD /* CocoAccesos.appex in Embed Foundation Extensions */,
			);
			name = "Embed Foundation Extensions";
			runOnlyForDeploymentPostprocessing = 0;
		};
/* End PBXCopyFilesBuildPhase section */

/* Begin PBXFileReference section */
		062A50882722E2940BC63A0E /* ReductorDeFotos.swift */ = {isa = PBXFileReference; lastKnownFileType = sourcecode.swift; path = ReductorDeFotos.swift; sourceTree = "<group>"; };
		06A5FE5E1961BB7359B2A298 /* AbrirCapturaIntent.swift */ = {isa = PBXFileReference; lastKnownFileType = sourcecode.swift; path = AbrirCapturaIntent.swift; sourceTree = "<group>"; };
		0713526A7C4E28F50CC06FD0 /* CocoAccesos.swift */ = {isa = PBXFileReference; lastKnownFileType = sourcecode.swift; path = CocoAccesos.swift; sourceTree = "<group>"; };
		083BF2CA707DA8C2F2B7056F /* PasosDeAutomatizacionTests.swift */ = {isa = PBXFileReference; lastKnownFileType = sourcecode.swift; path = PasosDeAutomatizacionTests.swift; sourceTree = "<group>"; };
		095C2A9EC9B147046BDB8C41 /* EntrarView.swift */ = {isa = PBXFileReference; lastKnownFileType = sourcecode.swift; path = EntrarView.swift; sourceTree = "<group>"; };
		0C9DA4ED9336026EAD5FD6F8 /* ContenedorWeb.swift */ = {isa = PBXFileReference; lastKnownFileType = sourcecode.swift; path = ContenedorWeb.swift; sourceTree = "<group>"; };
		0E151B43712830942226A41D /* AjustesView.swift */ = {isa = PBXFileReference; lastKnownFileType = sourcecode.swift; path = AjustesView.swift; sourceTree = "<group>"; };
		139C3850F0359E7DB0A3499B /* ParametrosDeAccionTests.swift */ = {isa = PBXFileReference; lastKnownFileType = sourcecode.swift; path = ParametrosDeAccionTests.swift; sourceTree = "<group>"; };
		17A16948003A31F471FB5EB4 /* ColaDeCapturasTests.swift */ = {isa = PBXFileReference; lastKnownFileType = sourcecode.swift; path = ColaDeCapturasTests.swift; sourceTree = "<group>"; };
		207B6B0EBF40A7B67AA99656 /* ModeloDelFormularioTests.swift */ = {isa = PBXFileReference; lastKnownFileType = sourcecode.swift; path = ModeloDelFormularioTests.swift; sourceTree = "<group>"; };
		20E540ABDD4031ED4E9EED01 /* ContratosTests.swift */ = {isa = PBXFileReference; lastKnownFileType = sourcecode.swift; path = ContratosTests.swift; sourceTree = "<group>"; };
		2523DE71E6F087831D278014 /* EncogedorDeFotoTests.swift */ = {isa = PBXFileReference; lastKnownFileType = sourcecode.swift; path = EncogedorDeFotoTests.swift; sourceTree = "<group>"; };
		25D8B91DFC1839456D084E38 /* LlaveroDelSistema.swift */ = {isa = PBXFileReference; lastKnownFileType = sourcecode.swift; path = LlaveroDelSistema.swift; sourceTree = "<group>"; };
		264EF24D021A7523F1BAA85D /* Assets.xcassets */ = {isa = PBXFileReference; lastKnownFileType = folder.assetcatalog; path = Assets.xcassets; sourceTree = "<group>"; };
		28FA70F616ABCAAF2963C204 /* SinConexionView.swift */ = {isa = PBXFileReference; lastKnownFileType = sourcecode.swift; path = SinConexionView.swift; sourceTree = "<group>"; };
		295B6B51D25BDA522B7A08E1 /* FechaDeBogota.swift */ = {isa = PBXFileReference; lastKnownFileType = sourcecode.swift; path = FechaDeBogota.swift; sourceTree = "<group>"; };
		2B81FFF4ABAC1D59A7DD972E /* ControlDeCaptura.swift */ = {isa = PBXFileReference; lastKnownFileType = sourcecode.swift; path = ControlDeCaptura.swift; sourceTree = "<group>"; };
		2BE4D91F3DE1228ED069FD5E /* EncogedorDeFoto.swift */ = {isa = PBXFileReference; lastKnownFileType = sourcecode.swift; path = EncogedorDeFoto.swift; sourceTree = "<group>"; };
		3431F9777E77EA6176052758 /* IndiceDelArbolTests.swift */ = {isa = PBXFileReference; lastKnownFileType = sourcecode.swift; path = IndiceDelArbolTests.swift; sourceTree = "<group>"; };
		36EB0357B2162A0705D0366A /* LectorDeMontoTests.swift */ = {isa = PBXFileReference; lastKnownFileType = sourcecode.swift; path = LectorDeMontoTests.swift; sourceTree = "<group>"; };
		38F156B4797596158DB71D3B /* Info.plist */ = {isa = PBXFileReference; lastKnownFileType = text.plist; path = Info.plist; sourceTree = "<group>"; };
		39D9F0788E546F84043A37C6 /* RaizView.swift */ = {isa = PBXFileReference; lastKnownFileType = sourcecode.swift; path = RaizView.swift; sourceTree = "<group>"; };
		40A335464520F84AA4A0A560 /* WidgetDeCaptura.swift */ = {isa = PBXFileReference; lastKnownFileType = sourcecode.swift; path = WidgetDeCaptura.swift; sourceTree = "<group>"; };
		40CA5695BEBEFAADE16004D3 /* ClienteAPITests.swift */ = {isa = PBXFileReference; lastKnownFileType = sourcecode.swift; path = ClienteAPITests.swift; sourceTree = "<group>"; };
		4170682A997D17C0985952FC /* Bitacora.swift */ = {isa = PBXFileReference; lastKnownFileType = sourcecode.swift; path = Bitacora.swift; sourceTree = "<group>"; };
		4185F16F286C1C96D9FEBAF3 /* ConceptosRecientes.swift */ = {isa = PBXFileReference; lastKnownFileType = sourcecode.swift; path = ConceptosRecientes.swift; sourceTree = "<group>"; };
		436A64E8F3CC1B1ECE83A22E /* Protocolos.swift */ = {isa = PBXFileReference; lastKnownFileType = sourcecode.swift; path = Protocolos.swift; sourceTree = "<group>"; };
		495DDA2BB21DF7DE20C30404 /* RegistrarGastoDeWalletIntent.swift */ = {isa = PBXFileReference; lastKnownFileType = sourcecode.swift; path = RegistrarGastoDeWalletIntent.swift; sourceTree = "<group>"; };
		4CF6BAFEC32DDACF9AD70988 /* TransporteFalso.swift */ = {isa = PBXFileReference; lastKnownFileType = sourcecode.swift; path = TransporteFalso.swift; sourceTree = "<group>"; };
		4F2CE13AF5DF47B2626E3E28 /* PasosDeAutomatizacion.swift */ = {isa = PBXFileReference; lastKnownFileType = sourcecode.swift; path = PasosDeAutomatizacion.swift; sourceTree = "<group>"; };
		5666B0B381BF9D89C69ABB85 /* ErrorDeAPI.swift */ = {isa = PBXFileReference; lastKnownFileType = sourcecode.swift; path = ErrorDeAPI.swift; sourceTree = "<group>"; };
		57C52A8CD743BCBC23020845 /* EnviadorPorAPI.swift */ = {isa = PBXFileReference; lastKnownFileType = sourcecode.swift; path = EnviadorPorAPI.swift; sourceTree = "<group>"; };
		5A00A3D69DFC17996B72BC3F /* CuerpoDeCaptura.swift */ = {isa = PBXFileReference; lastKnownFileType = sourcecode.swift; path = CuerpoDeCaptura.swift; sourceTree = "<group>"; };
		5B4DD989E4B553DC163165B8 /* Marca.swift */ = {isa = PBXFileReference; lastKnownFileType = sourcecode.swift; path = Marca.swift; sourceTree = "<group>"; };
		5F04DEAF604D4ACBDA5DD94C /* CapturasView.swift */ = {isa = PBXFileReference; lastKnownFileType = sourcecode.swift; path = CapturasView.swift; sourceTree = "<group>"; };
		613FE392E47C1E93961251B2 /* CocoTests.xctest */ = {isa = PBXFileReference; includeInIndex = 0; lastKnownFileType = wrapper.cfbundle; path = CocoTests.xctest; sourceTree = BUILT_PRODUCTS_DIR; };
		62282474AE888357965965FF /* PuenteWeb.swift */ = {isa = PBXFileReference; lastKnownFileType = sourcecode.swift; path = PuenteWeb.swift; sourceTree = "<group>"; };
		63FC1CD7861F381FF8E1F14C /* BuscadorDeConceptoView.swift */ = {isa = PBXFileReference; lastKnownFileType = sourcecode.swift; path = BuscadorDeConceptoView.swift; sourceTree = "<group>"; };
		6607204E3E16A8D40DEE1518 /* RellenoDelFormulario.swift */ = {isa = PBXFileReference; lastKnownFileType = sourcecode.swift; path = RellenoDelFormulario.swift; sourceTree = "<group>"; };
		67A2172A6E364D6EFCBC84F1 /* RellenoDelFormularioTests.swift */ = {isa = PBXFileReference; lastKnownFileType = sourcecode.swift; path = RellenoDelFormularioTests.swift; sourceTree = "<group>"; };
		6B2E8B2BCC16D51A148FD291 /* Contratos.swift */ = {isa = PBXFileReference; lastKnownFileType = sourcecode.swift; path = Contratos.swift; sourceTree = "<group>"; };
		6B429A41B31D5F90DCAC4F10 /* RegistrarGastoManualIntent.swift */ = {isa = PBXFileReference; lastKnownFileType = sourcecode.swift; path = RegistrarGastoManualIntent.swift; sourceTree = "<group>"; };
		6F2220C3F8AB81C93A3EC743 /* DoblesDeColaYPuente.swift */ = {isa = PBXFileReference; lastKnownFileType = sourcecode.swift; path = DoblesDeColaYPuente.swift; sourceTree = "<group>"; };
		6FE77E8EF27507FC596403E9 /* BienvenidaView.swift */ = {isa = PBXFileReference; lastKnownFileType = sourcecode.swift; path = BienvenidaView.swift; sourceTree = "<group>"; };
		704863CCA437CBAEDCE7BB0A /* LectorDePerfil.swift */ = {isa = PBXFileReference; lastKnownFileType = sourcecode.swift; path = LectorDePerfil.swift; sourceTree = "<group>"; };
		705B5D2A364D9D16262CCF8C /* LectorDeMonto.swift */ = {isa = PBXFileReference; lastKnownFileType = sourcecode.swift; path = LectorDeMonto.swift; sourceTree = "<group>"; };
		71EFF7E16B36514F00BC2A1D /* SincronizadorDelArbol.swift */ = {isa = PBXFileReference; lastKnownFileType = sourcecode.swift; path = SincronizadorDelArbol.swift; sourceTree = "<group>"; };
		748B5162F33C84F8EDF8E20B /* FormularioRapidoView.swift */ = {isa = PBXFileReference; lastKnownFileType = sourcecode.swift; path = FormularioRapidoView.swift; sourceTree = "<group>"; };
		76A767E5CAC8726AD6ED7BC0 /* EnrutadorTests.swift */ = {isa = PBXFileReference; lastKnownFileType = sourcecode.swift; path = EnrutadorTests.swift; sourceTree = "<group>"; };
		77F7B255166E1F1539BEED35 /* TareasDeFondoTests.swift */ = {isa = PBXFileReference; lastKnownFileType = sourcecode.swift; path = TareasDeFondoTests.swift; sourceTree = "<group>"; };
		7BC96718CA6DB97A2ED957A9 /* CapturadorConCola.swift */ = {isa = PBXFileReference; lastKnownFileType = sourcecode.swift; path = CapturadorConCola.swift; sourceTree = "<group>"; };
		7F6961E55476B1823CCB6C00 /* VistaWeb.swift */ = {isa = PBXFileReference; lastKnownFileType = sourcecode.swift; path = VistaWeb.swift; sourceTree = "<group>"; };
		8091994F9E0243E86CAAF579 /* Reintento.swift */ = {isa = PBXFileReference; lastKnownFileType = sourcecode.swift; path = Reintento.swift; sourceTree = "<group>"; };
		81F6252E83F6AA234C0FB179 /* ParametrosDeAccion.swift */ = {isa = PBXFileReference; lastKnownFileType = sourcecode.swift; path = ParametrosDeAccion.swift; sourceTree = "<group>"; };
		8852FD9BC76B5D8365967AEB /* Dependencias.swift */ = {isa = PBXFileReference; lastKnownFileType = sourcecode.swift; path = Dependencias.swift; sourceTree = "<group>"; };
		8978EE98AF14316889CA1F46 /* LectorDePerfilTests.swift */ = {isa = PBXFileReference; lastKnownFileType = sourcecode.swift; path = LectorDePerfilTests.swift; sourceTree = "<group>"; };
		8B8F804944BFC596A192A94A /* TransporteURLSession.swift */ = {isa = PBXFileReference; lastKnownFileType = sourcecode.swift; path = TransporteURLSession.swift; sourceTree = "<group>"; };
		8EE2F2BF3203ED162AD60851 /* ConceptosRecientesTests.swift */ = {isa = PBXFileReference; lastKnownFileType = sourcecode.swift; path = ConceptosRecientesTests.swift; sourceTree = "<group>"; };
		902F64B735FB60D46E764539 /* RegistrarGastoDeSMSIntent.swift */ = {isa = PBXFileReference; lastKnownFileType = sourcecode.swift; path = RegistrarGastoDeSMSIntent.swift; sourceTree = "<group>"; };
		9047212FDCF85FD113A0FD20 /* ConfiguracionDeLaAPITests.swift */ = {isa = PBXFileReference; lastKnownFileType = sourcecode.swift; path = ConfiguracionDeLaAPITests.swift; sourceTree = "<group>"; };
		9228E3EBDBCD7E008179BA27 /* IndiceDelArbol.swift */ = {isa = PBXFileReference; lastKnownFileType = sourcecode.swift; path = IndiceDelArbol.swift; sourceTree = "<group>"; };
		9861964AA562797C269FF943 /* SesionNativa.swift */ = {isa = PBXFileReference; lastKnownFileType = sourcecode.swift; path = SesionNativa.swift; sourceTree = "<group>"; };
		995063120D5E2233EB819365 /* CampoDeMonto.swift */ = {isa = PBXFileReference; lastKnownFileType = sourcecode.swift; path = CampoDeMonto.swift; sourceTree = "<group>"; };
		9F225BDF3E4FF473F32C0269 /* Coco.app */ = {isa = PBXFileReference; includeInIndex = 0; lastKnownFileType = wrapper.application; path = Coco.app; sourceTree = BUILT_PRODUCTS_DIR; };
		A1D5C15A39CDA665C0057DCA /* Enrutador.swift */ = {isa = PBXFileReference; lastKnownFileType = sourcecode.swift; path = Enrutador.swift; sourceTree = "<group>"; };
		A1DB41C660FC14B217921DC8 /* Info.plist */ = {isa = PBXFileReference; lastKnownFileType = text.plist; path = Info.plist; sourceTree = "<group>"; };
		A33ED5AD474DBF3389F59A96 /* PuenteWebTests.swift */ = {isa = PBXFileReference; lastKnownFileType = sourcecode.swift; path = PuenteWebTests.swift; sourceTree = "<group>"; };
		A9E800C643186A63950B1CA0 /* TareasDeFondo.swift */ = {isa = PBXFileReference; lastKnownFileType = sourcecode.swift; path = TareasDeFondo.swift; sourceTree = "<group>"; };
		AAE7F6E622FC53230C947C9F /* ClienteAPI.swift */ = {isa = PBXFileReference; lastKnownFileType = sourcecode.swift; path = ClienteAPI.swift; sourceTree = "<group>"; };
		AAFAAE7D5C526A6048C7EC71 /* DependenciasDeIntents.swift */ = {isa = PBXFileReference; lastKnownFileType = sourcecode.swift; path = DependenciasDeIntents.swift; sourceTree = "<group>"; };
		ABC804F9FF47689B93615DC3 /* Peticion.swift */ = {isa = PBXFileReference; lastKnownFileType = sourcecode.swift; path = Peticion.swift; sourceTree = "<group>"; };
		ACA87EC0769324CD1DC5CCE4 /* CapturadorConColaTests.swift */ = {isa = PBXFileReference; lastKnownFileType = sourcecode.swift; path = CapturadorConColaTests.swift; sourceTree = "<group>"; };
		AD61B2AEEC978384AF6C3515 /* TomaDeFoto.swift */ = {isa = PBXFileReference; lastKnownFileType = sourcecode.swift; path = TomaDeFoto.swift; sourceTree = "<group>"; };
		B04DE62F8D527EEBB4692EB8 /* AvisoDeVencimiento.swift */ = {isa = PBXFileReference; lastKnownFileType = sourcecode.swift; path = AvisoDeVencimiento.swift; sourceTree = "<group>"; };
		B19A396FB161C653B620DEE7 /* Info.plist */ = {isa = PBXFileReference; lastKnownFileType = text.plist; path = Info.plist; sourceTree = "<group>"; };
		B291859714582DF59883B62C /* ScriptDeArranque.swift */ = {isa = PBXFileReference; lastKnownFileType = sourcecode.swift; path = ScriptDeArranque.swift; sourceTree = "<group>"; };
		B4708CEF16ADB0CC041CE2AB /* AlmacenDeColaEnDisco.swift */ = {isa = PBXFileReference; lastKnownFileType = sourcecode.swift; path = AlmacenDeColaEnDisco.swift; sourceTree = "<group>"; };
		B4D0133AF66A900BEEF56E9D /* CocoApp.swift */ = {isa = PBXFileReference; lastKnownFileType = sourcecode.swift; path = CocoApp.swift; sourceTree = "<group>"; };
		BA03C49C89C2FE52BB7449ED /* AlmacenDelArbolEnDisco.swift */ = {isa = PBXFileReference; lastKnownFileType = sourcecode.swift; path = AlmacenDelArbolEnDisco.swift; sourceTree = "<group>"; };
		BB046D55DFB1175E380A7B06 /* AtajosDeCoco.swift */ = {isa = PBXFileReference; lastKnownFileType = sourcecode.swift; path = AtajosDeCoco.swift; sourceTree = "<group>"; };
		C0B85B7C406031B78EE30EAF /* NotificadorDelSistema.swift */ = {isa = PBXFileReference; lastKnownFileType = sourcecode.swift; path = NotificadorDelSistema.swift; sourceTree = "<group>"; };
		C27CF4E3C95319D360F508BD /* CocoAccesos.appex */ = {isa = PBXFileReference; includeInIndex = 0; lastKnownFileType = "wrapper.app-extension"; path = CocoAccesos.appex; sourceTree = BUILT_PRODUCTS_DIR; };
		C3D164829C9F711DCF69B85E /* Assets.xcassets */ = {isa = PBXFileReference; lastKnownFileType = folder.assetcatalog; path = Assets.xcassets; sourceTree = "<group>"; };
		C3EE7B67B16C9F9159A3116A /* NotificadorTests.swift */ = {isa = PBXFileReference; lastKnownFileType = sourcecode.swift; path = NotificadorTests.swift; sourceTree = "<group>"; };
		C8BF6EDC9C01E1A6D7981DB6 /* Conectividad.swift */ = {isa = PBXFileReference; lastKnownFileType = sourcecode.swift; path = Conectividad.swift; sourceTree = "<group>"; };
		CD91843A2BD9892229292326 /* ColaDeCapturas.swift */ = {isa = PBXFileReference; lastKnownFileType = sourcecode.swift; path = ColaDeCapturas.swift; sourceTree = "<group>"; };
		D0A39ABB36ECEEF42E7E2A2E /* ReintentoTests.swift */ = {isa = PBXFileReference; lastKnownFileType = sourcecode.swift; path = ReintentoTests.swift; sourceTree = "<group>"; };
		D58A78C4BAC8FB1DDC57D623 /* Signing.xcconfig */ = {isa = PBXFileReference; lastKnownFileType = text.xcconfig; path = Signing.xcconfig; sourceTree = "<group>"; };
		D808F73C2A3BD88B49276AFB /* AvisoDeVencimientoTests.swift */ = {isa = PBXFileReference; lastKnownFileType = sourcecode.swift; path = AvisoDeVencimientoTests.swift; sourceTree = "<group>"; };
		DB42958BA3737E4586C3A6E7 /* SesionNativaTests.swift */ = {isa = PBXFileReference; lastKnownFileType = sourcecode.swift; path = SesionNativaTests.swift; sourceTree = "<group>"; };
		DB5F2602CD172362BCE614AA /* LectorDeReciboTests.swift */ = {isa = PBXFileReference; lastKnownFileType = sourcecode.swift; path = LectorDeReciboTests.swift; sourceTree = "<group>"; };
		DE22BF0E489974BF73AA6789 /* ConstructorDePeticionesTests.swift */ = {isa = PBXFileReference; lastKnownFileType = sourcecode.swift; path = ConstructorDePeticionesTests.swift; sourceTree = "<group>"; };
		DFF4DEB976B559502F389EFD /* MasView.swift */ = {isa = PBXFileReference; lastKnownFileType = sourcecode.swift; path = MasView.swift; sourceTree = "<group>"; };
		E2AD236673A8FC4EC67AF62F /* FechaDeBogotaTests.swift */ = {isa = PBXFileReference; lastKnownFileType = sourcecode.swift; path = FechaDeBogotaTests.swift; sourceTree = "<group>"; };
		E9517B43C3E37C64DC43A0B8 /* CompatibilidadDeDiscoTests.swift */ = {isa = PBXFileReference; lastKnownFileType = sourcecode.swift; path = CompatibilidadDeDiscoTests.swift; sourceTree = "<group>"; };
		EBB4B472586A8F791D55447E /* DependenciasTests.swift */ = {isa = PBXFileReference; lastKnownFileType = sourcecode.swift; path = DependenciasTests.swift; sourceTree = "<group>"; };
		EBCB5ED69271432E3E1F4608 /* Llavero.swift */ = {isa = PBXFileReference; lastKnownFileType = sourcecode.swift; path = Llavero.swift; sourceTree = "<group>"; };
		ECB00CE1145CB4157D246082 /* ArbolGuardado.swift */ = {isa = PBXFileReference; lastKnownFileType = sourcecode.swift; path = ArbolGuardado.swift; sourceTree = "<group>"; };
		F084DB6644E8BB292D4ECA33 /* LectorDeRecibo.swift */ = {isa = PBXFileReference; lastKnownFileType = sourcecode.swift; path = LectorDeRecibo.swift; sourceTree = "<group>"; };
		F0E37280F9663746F0FF7F27 /* ModeloDelFormulario.swift */ = {isa = PBXFileReference; lastKnownFileType = sourcecode.swift; path = ModeloDelFormulario.swift; sourceTree = "<group>"; };
		F1737FCB8E19635B4BD07FCE /* CapturaPendiente.swift */ = {isa = PBXFileReference; lastKnownFileType = sourcecode.swift; path = CapturaPendiente.swift; sourceTree = "<group>"; };
		F2A88D760C18B51CBCAD72E5 /* SincronizadorDelArbolTests.swift */ = {isa = PBXFileReference; lastKnownFileType = sourcecode.swift; path = SincronizadorDelArbolTests.swift; sourceTree = "<group>"; };
		F776C4A98738141A00E0F264 /* ConfiguracionDeLaAPI.swift */ = {isa = PBXFileReference; lastKnownFileType = sourcecode.swift; path = ConfiguracionDeLaAPI.swift; sourceTree = "<group>"; };
		FF8EA528AECF59BCE493F3C0 /* Pesos.swift */ = {isa = PBXFileReference; lastKnownFileType = sourcecode.swift; path = Pesos.swift; sourceTree = "<group>"; };
/* End PBXFileReference section */

/* Begin PBXGroup section */
		04410A18809E0ECCBEEA4E90 /* App */ = {
			isa = PBXGroup;
			children = (
				0E151B43712830942226A41D /* AjustesView.swift */,
				4170682A997D17C0985952FC /* Bitacora.swift */,
				B4D0133AF66A900BEEF56E9D /* CocoApp.swift */,
				8852FD9BC76B5D8365967AEB /* Dependencias.swift */,
				A1D5C15A39CDA665C0057DCA /* Enrutador.swift */,
				095C2A9EC9B147046BDB8C41 /* EntrarView.swift */,
				DFF4DEB976B559502F389EFD /* MasView.swift */,
				39D9F0788E546F84043A37C6 /* RaizView.swift */,
			);
			path = App;
			sourceTree = "<group>";
		};
		04E479C54F3945837B84FE25 /* Dominio */ = {
			isa = PBXGroup;
			children = (
				6B2E8B2BCC16D51A148FD291 /* Contratos.swift */,
				5A00A3D69DFC17996B72BC3F /* CuerpoDeCaptura.swift */,
				295B6B51D25BDA522B7A08E1 /* FechaDeBogota.swift */,
				705B5D2A364D9D16262CCF8C /* LectorDeMonto.swift */,
				5B4DD989E4B553DC163165B8 /* Marca.swift */,
				FF8EA528AECF59BCE493F3C0 /* Pesos.swift */,
				436A64E8F3CC1B1ECE83A22E /* Protocolos.swift */,
			);
			path = Dominio;
			sourceTree = "<group>";
		};
		144B09F4BC82C35F0A475A09 /* CocoAccesos */ = {
			isa = PBXGroup;
			children = (
				06A5FE5E1961BB7359B2A298 /* AbrirCapturaIntent.swift */,
				C3D164829C9F711DCF69B85E /* Assets.xcassets */,
				0713526A7C4E28F50CC06FD0 /* CocoAccesos.swift */,
				2B81FFF4ABAC1D59A7DD972E /* ControlDeCaptura.swift */,
				A1DB41C660FC14B217921DC8 /* Info.plist */,
				40A335464520F84AA4A0A560 /* WidgetDeCaptura.swift */,
			);
			path = CocoAccesos;
			sourceTree = "<group>";
		};
		185FE6C5AB99F0C7A36E17E4 = {
			isa = PBXGroup;
			children = (
				8D723F0B6727D5944C49D11D /* Coco */,
				144B09F4BC82C35F0A475A09 /* CocoAccesos */,
				8BECFDAD0CE5B9C46922B46C /* CocoTests */,
				EBFE689410DE4DBF51234516 /* ios */,
				450CE771A0D8CF43D825C8F1 /* Products */,
			);
			sourceTree = "<group>";
		};
		18E211859A0DE6F128A4126F /* Cola */ = {
			isa = PBXGroup;
			children = (
				B4708CEF16ADB0CC041CE2AB /* AlmacenDeColaEnDisco.swift */,
				7BC96718CA6DB97A2ED957A9 /* CapturadorConCola.swift */,
				F1737FCB8E19635B4BD07FCE /* CapturaPendiente.swift */,
				CD91843A2BD9892229292326 /* ColaDeCapturas.swift */,
				57C52A8CD743BCBC23020845 /* EnviadorPorAPI.swift */,
				062A50882722E2940BC63A0E /* ReductorDeFotos.swift */,
				8091994F9E0243E86CAAF579 /* Reintento.swift */,
			);
			path = Cola;
			sourceTree = "<group>";
		};
		450CE771A0D8CF43D825C8F1 /* Products */ = {
			isa = PBXGroup;
			children = (
				9F225BDF3E4FF473F32C0269 /* Coco.app */,
				C27CF4E3C95319D360F508BD /* CocoAccesos.appex */,
				613FE392E47C1E93961251B2 /* CocoTests.xctest */,
			);
			name = Products;
			sourceTree = "<group>";
		};
		47947C68D245187CBBADA2E2 /* Captura */ = {
			isa = PBXGroup;
			children = (
				63FC1CD7861F381FF8E1F14C /* BuscadorDeConceptoView.swift */,
				995063120D5E2233EB819365 /* CampoDeMonto.swift */,
				5F04DEAF604D4ACBDA5DD94C /* CapturasView.swift */,
				4185F16F286C1C96D9FEBAF3 /* ConceptosRecientes.swift */,
				2BE4D91F3DE1228ED069FD5E /* EncogedorDeFoto.swift */,
				748B5162F33C84F8EDF8E20B /* FormularioRapidoView.swift */,
				F084DB6644E8BB292D4ECA33 /* LectorDeRecibo.swift */,
				F0E37280F9663746F0FF7F27 /* ModeloDelFormulario.swift */,
				6607204E3E16A8D40DEE1518 /* RellenoDelFormulario.swift */,
				AD61B2AEEC978384AF6C3515 /* TomaDeFoto.swift */,
			);
			path = Captura;
			sourceTree = "<group>";
		};
		6246F8EF30942159CF23C33C /* Web */ = {
			isa = PBXGroup;
			children = (
				0C9DA4ED9336026EAD5FD6F8 /* ContenedorWeb.swift */,
				62282474AE888357965965FF /* PuenteWeb.swift */,
				B291859714582DF59883B62C /* ScriptDeArranque.swift */,
				28FA70F616ABCAAF2963C204 /* SinConexionView.swift */,
				7F6961E55476B1823CCB6C00 /* VistaWeb.swift */,
			);
			path = Web;
			sourceTree = "<group>";
		};
		6331894811D62D202B1C0D14 /* SegundoPlano */ = {
			isa = PBXGroup;
			children = (
				A9E800C643186A63950B1CA0 /* TareasDeFondo.swift */,
			);
			path = SegundoPlano;
			sourceTree = "<group>";
		};
		648112CA4B2A84E2D0513B92 /* Avisos */ = {
			isa = PBXGroup;
			children = (
				B04DE62F8D527EEBB4692EB8 /* AvisoDeVencimiento.swift */,
				704863CCA437CBAEDCE7BB0A /* LectorDePerfil.swift */,
				C0B85B7C406031B78EE30EAF /* NotificadorDelSistema.swift */,
			);
			path = Avisos;
			sourceTree = "<group>";
		};
		79875C765EBFD14B68B1C189 /* Bienvenida */ = {
			isa = PBXGroup;
			children = (
				6FE77E8EF27507FC596403E9 /* BienvenidaView.swift */,
				4F2CE13AF5DF47B2626E3E28 /* PasosDeAutomatizacion.swift */,
			);
			path = Bienvenida;
			sourceTree = "<group>";
		};
		7F83588AEECEEEA2F5A47739 /* Arbol */ = {
			isa = PBXGroup;
			children = (
				BA03C49C89C2FE52BB7449ED /* AlmacenDelArbolEnDisco.swift */,
				ECB00CE1145CB4157D246082 /* ArbolGuardado.swift */,
				9228E3EBDBCD7E008179BA27 /* IndiceDelArbol.swift */,
				71EFF7E16B36514F00BC2A1D /* SincronizadorDelArbol.swift */,
			);
			path = Arbol;
			sourceTree = "<group>";
		};
		8BECFDAD0CE5B9C46922B46C /* CocoTests */ = {
			isa = PBXGroup;
			children = (
				D808F73C2A3BD88B49276AFB /* AvisoDeVencimientoTests.swift */,
				ACA87EC0769324CD1DC5CCE4 /* CapturadorConColaTests.swift */,
				40CA5695BEBEFAADE16004D3 /* ClienteAPITests.swift */,
				17A16948003A31F471FB5EB4 /* ColaDeCapturasTests.swift */,
				E9517B43C3E37C64DC43A0B8 /* CompatibilidadDeDiscoTests.swift */,
				8EE2F2BF3203ED162AD60851 /* ConceptosRecientesTests.swift */,
				9047212FDCF85FD113A0FD20 /* ConfiguracionDeLaAPITests.swift */,
				DE22BF0E489974BF73AA6789 /* ConstructorDePeticionesTests.swift */,
				20E540ABDD4031ED4E9EED01 /* ContratosTests.swift */,
				EBB4B472586A8F791D55447E /* DependenciasTests.swift */,
				6F2220C3F8AB81C93A3EC743 /* DoblesDeColaYPuente.swift */,
				2523DE71E6F087831D278014 /* EncogedorDeFotoTests.swift */,
				76A767E5CAC8726AD6ED7BC0 /* EnrutadorTests.swift */,
				E2AD236673A8FC4EC67AF62F /* FechaDeBogotaTests.swift */,
				3431F9777E77EA6176052758 /* IndiceDelArbolTests.swift */,
				38F156B4797596158DB71D3B /* Info.plist */,
				36EB0357B2162A0705D0366A /* LectorDeMontoTests.swift */,
				8978EE98AF14316889CA1F46 /* LectorDePerfilTests.swift */,
				DB5F2602CD172362BCE614AA /* LectorDeReciboTests.swift */,
				207B6B0EBF40A7B67AA99656 /* ModeloDelFormularioTests.swift */,
				C3EE7B67B16C9F9159A3116A /* NotificadorTests.swift */,
				139C3850F0359E7DB0A3499B /* ParametrosDeAccionTests.swift */,
				083BF2CA707DA8C2F2B7056F /* PasosDeAutomatizacionTests.swift */,
				A33ED5AD474DBF3389F59A96 /* PuenteWebTests.swift */,
				D0A39ABB36ECEEF42E7E2A2E /* ReintentoTests.swift */,
				67A2172A6E364D6EFCBC84F1 /* RellenoDelFormularioTests.swift */,
				DB42958BA3737E4586C3A6E7 /* SesionNativaTests.swift */,
				F2A88D760C18B51CBCAD72E5 /* SincronizadorDelArbolTests.swift */,
				77F7B255166E1F1539BEED35 /* TareasDeFondoTests.swift */,
				4CF6BAFEC32DDACF9AD70988 /* TransporteFalso.swift */,
			);
			path = CocoTests;
			sourceTree = "<group>";
		};
		8D723F0B6727D5944C49D11D /* Coco */ = {
			isa = PBXGroup;
			children = (
				04410A18809E0ECCBEEA4E90 /* App */,
				7F83588AEECEEEA2F5A47739 /* Arbol */,
				648112CA4B2A84E2D0513B92 /* Avisos */,
				79875C765EBFD14B68B1C189 /* Bienvenida */,
				47947C68D245187CBBADA2E2 /* Captura */,
				18E211859A0DE6F128A4126F /* Cola */,
				04E479C54F3945837B84FE25 /* Dominio */,
				AC60680F46872A4C30846D9D /* Intents */,
				B65A8148F38EFB0A3B63D8F3 /* Red */,
				C01F628CB17FBB2ED59E351C /* Resources */,
				6331894811D62D202B1C0D14 /* SegundoPlano */,
				FDFACD8F205D2EF348536347 /* Sesion */,
				6246F8EF30942159CF23C33C /* Web */,
			);
			path = Coco;
			sourceTree = "<group>";
		};
		AC60680F46872A4C30846D9D /* Intents */ = {
			isa = PBXGroup;
			children = (
				BB046D55DFB1175E380A7B06 /* AtajosDeCoco.swift */,
				AAFAAE7D5C526A6048C7EC71 /* DependenciasDeIntents.swift */,
				81F6252E83F6AA234C0FB179 /* ParametrosDeAccion.swift */,
				902F64B735FB60D46E764539 /* RegistrarGastoDeSMSIntent.swift */,
				495DDA2BB21DF7DE20C30404 /* RegistrarGastoDeWalletIntent.swift */,
				6B429A41B31D5F90DCAC4F10 /* RegistrarGastoManualIntent.swift */,
			);
			path = Intents;
			sourceTree = "<group>";
		};
		B65A8148F38EFB0A3B63D8F3 /* Red */ = {
			isa = PBXGroup;
			children = (
				AAE7F6E622FC53230C947C9F /* ClienteAPI.swift */,
				C8BF6EDC9C01E1A6D7981DB6 /* Conectividad.swift */,
				F776C4A98738141A00E0F264 /* ConfiguracionDeLaAPI.swift */,
				5666B0B381BF9D89C69ABB85 /* ErrorDeAPI.swift */,
				ABC804F9FF47689B93615DC3 /* Peticion.swift */,
				8B8F804944BFC596A192A94A /* TransporteURLSession.swift */,
			);
			path = Red;
			sourceTree = "<group>";
		};
		C01F628CB17FBB2ED59E351C /* Resources */ = {
			isa = PBXGroup;
			children = (
				264EF24D021A7523F1BAA85D /* Assets.xcassets */,
				B19A396FB161C653B620DEE7 /* Info.plist */,
			);
			path = Resources;
			sourceTree = "<group>";
		};
		EBFE689410DE4DBF51234516 /* ios */ = {
			isa = PBXGroup;
			children = (
				D58A78C4BAC8FB1DDC57D623 /* Signing.xcconfig */,
			);
			name = ios;
			path = .;
			sourceTree = "<group>";
		};
		FDFACD8F205D2EF348536347 /* Sesion */ = {
			isa = PBXGroup;
			children = (
				EBCB5ED69271432E3E1F4608 /* Llavero.swift */,
				25D8B91DFC1839456D084E38 /* LlaveroDelSistema.swift */,
				9861964AA562797C269FF943 /* SesionNativa.swift */,
			);
			path = Sesion;
			sourceTree = "<group>";
		};
/* End PBXGroup section */

/* Begin PBXNativeTarget section */
		8CF9A98BC12B06C8627E4E12 /* CocoTests */ = {
			isa = PBXNativeTarget;
			buildConfigurationList = 4EF1F111FB2E0F2B390D928F /* Build configuration list for PBXNativeTarget "CocoTests" */;
			buildPhases = (
				C2A224BB7D7C183981AFC0B8 /* Sources */,
			);
			buildRules = (
			);
			dependencies = (
				2708C8FD67AA3D70AC6D851E /* PBXTargetDependency */,
			);
			name = CocoTests;
			packageProductDependencies = (
			);
			productName = CocoTests;
			productReference = 613FE392E47C1E93961251B2 /* CocoTests.xctest */;
			productType = "com.apple.product-type.bundle.unit-test";
		};
		B588E7156C73FE1C437FB70B /* Coco */ = {
			isa = PBXNativeTarget;
			buildConfigurationList = 4D6CCD1A780F9D5C99B69C89 /* Build configuration list for PBXNativeTarget "Coco" */;
			buildPhases = (
				B179DCAA7BA4997969A3AE3D /* Sources */,
				D767F303C1F12856FF540A94 /* Resources */,
				D93091C122DDDACB6559FD1C /* Embed Foundation Extensions */,
			);
			buildRules = (
			);
			dependencies = (
				870912D8403926537462BE98 /* PBXTargetDependency */,
			);
			name = Coco;
			packageProductDependencies = (
			);
			productName = Coco;
			productReference = 9F225BDF3E4FF473F32C0269 /* Coco.app */;
			productType = "com.apple.product-type.application";
		};
		D9403B14E6899A8C8965733D /* CocoAccesos */ = {
			isa = PBXNativeTarget;
			buildConfigurationList = F79AF35485B5B1DB049DF524 /* Build configuration list for PBXNativeTarget "CocoAccesos" */;
			buildPhases = (
				252324492015A67B4F8243C4 /* Sources */,
				4CBC9457F801D3840B1FC9DA /* Resources */,
			);
			buildRules = (
			);
			dependencies = (
			);
			name = CocoAccesos;
			packageProductDependencies = (
			);
			productName = CocoAccesos;
			productReference = C27CF4E3C95319D360F508BD /* CocoAccesos.appex */;
			productType = "com.apple.product-type.app-extension";
		};
/* End PBXNativeTarget section */

/* Begin PBXProject section */
		494DAA59E0F4BE1556ACEB87 /* Project object */ = {
			isa = PBXProject;
			attributes = {
				BuildIndependentTargetsInParallel = YES;
				LastUpgradeCheck = 1600;
				TargetAttributes = {
					8CF9A98BC12B06C8627E4E12 = {
						ProvisioningStyle = Automatic;
					};
					B588E7156C73FE1C437FB70B = {
						ProvisioningStyle = Automatic;
					};
					D9403B14E6899A8C8965733D = {
						ProvisioningStyle = Automatic;
					};
				};
			};
			buildConfigurationList = 48776C031DC1DF4EB6FB858B /* Build configuration list for PBXProject "Coco" */;
			developmentRegion = en;
			hasScannedForEncodings = 0;
			knownRegions = (
				Base,
				en,
			);
			mainGroup = 185FE6C5AB99F0C7A36E17E4;
			minimizedProjectReferenceProxies = 1;
			preferredProjectObjectVersion = 77;
			productRefGroup = 450CE771A0D8CF43D825C8F1 /* Products */;
			projectDirPath = "";
			projectRoot = "";
			targets = (
				B588E7156C73FE1C437FB70B /* Coco */,
				D9403B14E6899A8C8965733D /* CocoAccesos */,
				8CF9A98BC12B06C8627E4E12 /* CocoTests */,
			);
		};
/* End PBXProject section */

/* Begin PBXResourcesBuildPhase section */
		4CBC9457F801D3840B1FC9DA /* Resources */ = {
			isa = PBXResourcesBuildPhase;
			buildActionMask = 2147483647;
			files = (
				82B7B6443C47AEC9DCCA1262 /* Assets.xcassets in Resources */,
			);
			runOnlyForDeploymentPostprocessing = 0;
		};
		D767F303C1F12856FF540A94 /* Resources */ = {
			isa = PBXResourcesBuildPhase;
			buildActionMask = 2147483647;
			files = (
				271056A643B6FBC3D9ED370B /* Assets.xcassets in Resources */,
			);
			runOnlyForDeploymentPostprocessing = 0;
		};
/* End PBXResourcesBuildPhase section */

/* Begin PBXSourcesBuildPhase section */
		252324492015A67B4F8243C4 /* Sources */ = {
			isa = PBXSourcesBuildPhase;
			buildActionMask = 2147483647;
			files = (
				ADC657E3939F524F654B73EF /* AbrirCapturaIntent.swift in Sources */,
				605BD01D4941A57283248287 /* CocoAccesos.swift in Sources */,
				8DE40839F46158BFB6154DAC /* ControlDeCaptura.swift in Sources */,
				8C4065C489CD124CA11C53DB /* WidgetDeCaptura.swift in Sources */,
			);
			runOnlyForDeploymentPostprocessing = 0;
		};
		B179DCAA7BA4997969A3AE3D /* Sources */ = {
			isa = PBXSourcesBuildPhase;
			buildActionMask = 2147483647;
			files = (
				2AA19C3AE136216F22922095 /* AjustesView.swift in Sources */,
				705AE9E7F0E9890CFD582205 /* AlmacenDeColaEnDisco.swift in Sources */,
				E93F45F5B168EA7A77299181 /* AlmacenDelArbolEnDisco.swift in Sources */,
				B728F3E69339033F2AF70D8A /* ArbolGuardado.swift in Sources */,
				A684112DF2051059C4BD6686 /* AtajosDeCoco.swift in Sources */,
				3D00D51DE3F6EFF55563D09B /* AvisoDeVencimiento.swift in Sources */,
				8354F8351E95694B71479408 /* BienvenidaView.swift in Sources */,
				A92F0F6E4222944224F9FD92 /* Bitacora.swift in Sources */,
				89E51B218C0C0466078F6543 /* BuscadorDeConceptoView.swift in Sources */,
				1D7206ECBCC76DC007E540E7 /* CampoDeMonto.swift in Sources */,
				83617E16087309F47D1F7EFD /* CapturaPendiente.swift in Sources */,
				D6E7F4BABDB1FDC9DC031CF2 /* CapturadorConCola.swift in Sources */,
				79146E00A8FCF281E3B7945A /* CapturasView.swift in Sources */,
				CA6CDB82115D51833EA4BBC7 /* ClienteAPI.swift in Sources */,
				489776BDA37B607D5F8B369C /* CocoApp.swift in Sources */,
				2D81D5F37B2D6C620C0297CE /* ColaDeCapturas.swift in Sources */,
				D018462374F7B00167A0EE10 /* ConceptosRecientes.swift in Sources */,
				3D022966E033FF6FDCB98F7B /* Conectividad.swift in Sources */,
				0868525DF3D9020AF9A7634D /* ConfiguracionDeLaAPI.swift in Sources */,
				16A6ABD43C0B068B2E0D5F25 /* ContenedorWeb.swift in Sources */,
				A6591F0F0FEB1A59F366A93B /* Contratos.swift in Sources */,
				E5B3923067D832ACDCE9F384 /* CuerpoDeCaptura.swift in Sources */,
				D62407C8D6B3E69CF4F82D56 /* Dependencias.swift in Sources */,
				9BAD6A84453673A0D8368169 /* DependenciasDeIntents.swift in Sources */,
				7549DCF518495299B6AFBF33 /* EncogedorDeFoto.swift in Sources */,
				792C757BD11655765A567C6D /* Enrutador.swift in Sources */,
				1C2452CD1F4C7F6D084C6923 /* EntrarView.swift in Sources */,
				7567EBDFF084EC156D8064C2 /* EnviadorPorAPI.swift in Sources */,
				B1F84B8AAA16016A16CAFF9F /* ErrorDeAPI.swift in Sources */,
				A0218B0BEA4F778CD55DC5CF /* FechaDeBogota.swift in Sources */,
				E1CD9B46D33E60177248F08F /* FormularioRapidoView.swift in Sources */,
				75480AA194A0E0A4F95F131C /* IndiceDelArbol.swift in Sources */,
				247CADAB55789DBB6802EB13 /* LectorDeMonto.swift in Sources */,
				0C32B64B5426A1ABC2EF6AD6 /* LectorDePerfil.swift in Sources */,
				E5BC73CBA5B7723D4213D100 /* LectorDeRecibo.swift in Sources */,
				FEBCE78887106ADE8BE59513 /* Llavero.swift in Sources */,
				8525C3FF192CC178D035A756 /* LlaveroDelSistema.swift in Sources */,
				8CAA37E16F725FE8154F8088 /* Marca.swift in Sources */,
				34867E234CFA8361CB151D98 /* MasView.swift in Sources */,
				F9742E59B5BC5F4EB0C961E5 /* ModeloDelFormulario.swift in Sources */,
				27AA05A29D1D80A999CFB5B4 /* NotificadorDelSistema.swift in Sources */,
				9BB84DABB483ACB21B89EDEF /* ParametrosDeAccion.swift in Sources */,
				5A1A531FC1095410B356E378 /* PasosDeAutomatizacion.swift in Sources */,
				5151963A0F51BA0EF0CAE432 /* Pesos.swift in Sources */,
				154B95D86201660CA2D8742A /* Peticion.swift in Sources */,
				D0908B29FADC058D3A9401BF /* Protocolos.swift in Sources */,
				571A05CF3E7811375C84A78A /* PuenteWeb.swift in Sources */,
				D126B3C71891577A88C3350B /* RaizView.swift in Sources */,
				A0AEAAE08A8551206F80A93C /* ReductorDeFotos.swift in Sources */,
				1C3B9F81F25FD47DAC991689 /* RegistrarGastoDeSMSIntent.swift in Sources */,
				249FF8B7A5BE36235DB1F7B2 /* RegistrarGastoDeWalletIntent.swift in Sources */,
				E95B6C912841CEF1C6869222 /* RegistrarGastoManualIntent.swift in Sources */,
				D09B0EF59DAE686B50B46E9F /* Reintento.swift in Sources */,
				82029DE00391767851694572 /* RellenoDelFormulario.swift in Sources */,
				7AB5DA185C6A7B0ECA668DF4 /* ScriptDeArranque.swift in Sources */,
				C250BB45A4B63199B702D049 /* SesionNativa.swift in Sources */,
				C955CAC058C5793458F2FBD1 /* SinConexionView.swift in Sources */,
				49D700F488E659F0D6739787 /* SincronizadorDelArbol.swift in Sources */,
				2777F1A7ACC775D5E203F796 /* TareasDeFondo.swift in Sources */,
				33BF36AAA93AC3B837D0D293 /* TomaDeFoto.swift in Sources */,
				054BA61C6B34B2C3AF22D1EA /* TransporteURLSession.swift in Sources */,
				FFB57547713A1082CD44D486 /* VistaWeb.swift in Sources */,
			);
			runOnlyForDeploymentPostprocessing = 0;
		};
		C2A224BB7D7C183981AFC0B8 /* Sources */ = {
			isa = PBXSourcesBuildPhase;
			buildActionMask = 2147483647;
			files = (
				BE8E33A6C9AD08836EE99449 /* AvisoDeVencimientoTests.swift in Sources */,
				328E010DCB0A7DBE5AAF00BC /* CapturadorConColaTests.swift in Sources */,
				112DBFE24C7AA958EA658541 /* ClienteAPITests.swift in Sources */,
				5870AFD54266DD15ECAF1A0A /* ColaDeCapturasTests.swift in Sources */,
				0983182361236057D6BF8142 /* CompatibilidadDeDiscoTests.swift in Sources */,
				798D6D597ABECA8DFD1893AF /* ConceptosRecientesTests.swift in Sources */,
				7C9ECD1CCA7A75EB49694FE3 /* ConfiguracionDeLaAPITests.swift in Sources */,
				9FDD952F78D5661140F9AC4D /* ConstructorDePeticionesTests.swift in Sources */,
				2FE29110A7377EB1A63DFE03 /* ContratosTests.swift in Sources */,
				9C31D9DA6F59DB374E830C04 /* DependenciasTests.swift in Sources */,
				6D2D742BBC074DB7DDA2AE58 /* DoblesDeColaYPuente.swift in Sources */,
				D6889F37441706C717688DC2 /* EncogedorDeFotoTests.swift in Sources */,
				3107B99728FF5D510E146AF1 /* EnrutadorTests.swift in Sources */,
				1374415C05B0CF573C91AE94 /* FechaDeBogotaTests.swift in Sources */,
				38400EF0F06DA5FD86B8262F /* IndiceDelArbolTests.swift in Sources */,
				EFEF06392E0BD15120B688A8 /* LectorDeMontoTests.swift in Sources */,
				6A101C034C36243F5F8C6B35 /* LectorDePerfilTests.swift in Sources */,
				9775CEA766029C9AAF72D0FA /* LectorDeReciboTests.swift in Sources */,
				FB7EE6B8A237E983AD98B643 /* ModeloDelFormularioTests.swift in Sources */,
				139554638AA8D65E31130037 /* NotificadorTests.swift in Sources */,
				D7C08970BFF48E81C0D9D19B /* ParametrosDeAccionTests.swift in Sources */,
				3DF6B00870D446EE3AE9C4AC /* PasosDeAutomatizacionTests.swift in Sources */,
				C5ABBE31D217BBE002A011A6 /* PuenteWebTests.swift in Sources */,
				634B8ADED0541CFB5A093195 /* ReintentoTests.swift in Sources */,
				E855518332A7AAFFD12CD5B8 /* RellenoDelFormularioTests.swift in Sources */,
				691ED1090BBA508D807C3880 /* SesionNativaTests.swift in Sources */,
				E2B59D55E3110AFDD6AB7442 /* SincronizadorDelArbolTests.swift in Sources */,
				B800675C2C0FE6EAC0E1882F /* TareasDeFondoTests.swift in Sources */,
				293B6BBA8CB125A85B8D4F6C /* TransporteFalso.swift in Sources */,
			);
			runOnlyForDeploymentPostprocessing = 0;
		};
/* End PBXSourcesBuildPhase section */

/* Begin PBXTargetDependency section */
		2708C8FD67AA3D70AC6D851E /* PBXTargetDependency */ = {
			isa = PBXTargetDependency;
			target = B588E7156C73FE1C437FB70B /* Coco */;
			targetProxy = 3989806950071705EEAB5432 /* PBXContainerItemProxy */;
		};
		870912D8403926537462BE98 /* PBXTargetDependency */ = {
			isa = PBXTargetDependency;
			target = D9403B14E6899A8C8965733D /* CocoAccesos */;
			targetProxy = 8022297DD6931A2048A7DE76 /* PBXContainerItemProxy */;
		};
/* End PBXTargetDependency section */

/* Begin XCBuildConfiguration section */
		0A865815786959AC865A9DBB /* Release */ = {
			isa = XCBuildConfiguration;
			buildSettings = {
				BUNDLE_LOADER = "$(TEST_HOST)";
				INFOPLIST_FILE = CocoTests/Info.plist;
				LD_RUNPATH_SEARCH_PATHS = (
					"$(inherited)",
					"@executable_path/Frameworks",
					"@loader_path/Frameworks",
				);
				PRODUCT_BUNDLE_IDENTIFIER = co.loatech.coco.tests;
				SDKROOT = iphoneos;
				TARGETED_DEVICE_FAMILY = "1,2";
				TEST_HOST = "$(BUILT_PRODUCTS_DIR)/Coco.app/Coco";
			};
			name = Release;
		};
		19460309EB469192D39A7B6C /* Debug */ = {
			isa = XCBuildConfiguration;
			baseConfigurationReference = D58A78C4BAC8FB1DDC57D623 /* Signing.xcconfig */;
			buildSettings = {
				ALWAYS_SEARCH_USER_PATHS = NO;
				CLANG_ANALYZER_NONNULL = YES;
				CLANG_ANALYZER_NUMBER_OBJECT_CONVERSION = YES_AGGRESSIVE;
				CLANG_CXX_LANGUAGE_STANDARD = "gnu++14";
				CLANG_CXX_LIBRARY = "libc++";
				CLANG_ENABLE_MODULES = YES;
				CLANG_ENABLE_OBJC_ARC = YES;
				CLANG_ENABLE_OBJC_WEAK = YES;
				CLANG_WARN_BLOCK_CAPTURE_AUTORELEASING = YES;
				CLANG_WARN_BOOL_CONVERSION = YES;
				CLANG_WARN_COMMA = YES;
				CLANG_WARN_CONSTANT_CONVERSION = YES;
				CLANG_WARN_DEPRECATED_OBJC_IMPLEMENTATIONS = YES;
				CLANG_WARN_DIRECT_OBJC_ISA_USAGE = YES_ERROR;
				CLANG_WARN_DOCUMENTATION_COMMENTS = YES;
				CLANG_WARN_EMPTY_BODY = YES;
				CLANG_WARN_ENUM_CONVERSION = YES;
				CLANG_WARN_INFINITE_RECURSION = YES;
				CLANG_WARN_INT_CONVERSION = YES;
				CLANG_WARN_NON_LITERAL_NULL_CONVERSION = YES;
				CLANG_WARN_OBJC_IMPLICIT_RETAIN_SELF = YES;
				CLANG_WARN_OBJC_LITERAL_CONVERSION = YES;
				CLANG_WARN_OBJC_ROOT_CLASS = YES_ERROR;
				CLANG_WARN_QUOTED_INCLUDE_IN_FRAMEWORK_HEADER = YES;
				CLANG_WARN_RANGE_LOOP_ANALYSIS = YES;
				CLANG_WARN_STRICT_PROTOTYPES = YES;
				CLANG_WARN_SUSPICIOUS_MOVE = YES;
				CLANG_WARN_UNGUARDED_AVAILABILITY = YES_AGGRESSIVE;
				CLANG_WARN_UNREACHABLE_CODE = YES;
				CLANG_WARN__DUPLICATE_METHOD_MATCH = YES;
				COCO_API_BASE_URL = "https://dev-cocoapp.viteri.me";
				COPY_PHASE_STRIP = NO;
				CURRENT_PROJECT_VERSION = 1;
				DEBUG_INFORMATION_FORMAT = dwarf;
				ENABLE_STRICT_OBJC_MSGSEND = YES;
				ENABLE_TESTABILITY = YES;
				GCC_C_LANGUAGE_STANDARD = gnu11;
				GCC_DYNAMIC_NO_PIC = NO;
				GCC_NO_COMMON_BLOCKS = YES;
				GCC_OPTIMIZATION_LEVEL = 0;
				GCC_PREPROCESSOR_DEFINITIONS = (
					"$(inherited)",
					"DEBUG=1",
				);
				GCC_WARN_64_TO_32_BIT_CONVERSION = YES;
				GCC_WARN_ABOUT_RETURN_TYPE = YES_ERROR;
				GCC_WARN_UNDECLARED_SELECTOR = YES;
				GCC_WARN_UNINITIALIZED_AUTOS = YES_AGGRESSIVE;
				GCC_WARN_UNUSED_FUNCTION = YES;
				GCC_WARN_UNUSED_VARIABLE = YES;
				IPHONEOS_DEPLOYMENT_TARGET = 17.0;
				MARKETING_VERSION = 0.1.0;
				MTL_ENABLE_DEBUG_INFO = INCLUDE_SOURCE;
				MTL_FAST_MATH = YES;
				ONLY_ACTIVE_ARCH = YES;
				PRODUCT_NAME = "$(TARGET_NAME)";
				SDKROOT = iphoneos;
				SWIFT_ACTIVE_COMPILATION_CONDITIONS = DEBUG;
				SWIFT_OPTIMIZATION_LEVEL = "-Onone";
				SWIFT_VERSION = 5.10;
			};
			name = Debug;
		};
		48A300B256CF60E59D07B90A /* Release */ = {
			isa = XCBuildConfiguration;
			baseConfigurationReference = D58A78C4BAC8FB1DDC57D623 /* Signing.xcconfig */;
			buildSettings = {
				ALWAYS_SEARCH_USER_PATHS = NO;
				CLANG_ANALYZER_NONNULL = YES;
				CLANG_ANALYZER_NUMBER_OBJECT_CONVERSION = YES_AGGRESSIVE;
				CLANG_CXX_LANGUAGE_STANDARD = "gnu++14";
				CLANG_CXX_LIBRARY = "libc++";
				CLANG_ENABLE_MODULES = YES;
				CLANG_ENABLE_OBJC_ARC = YES;
				CLANG_ENABLE_OBJC_WEAK = YES;
				CLANG_WARN_BLOCK_CAPTURE_AUTORELEASING = YES;
				CLANG_WARN_BOOL_CONVERSION = YES;
				CLANG_WARN_COMMA = YES;
				CLANG_WARN_CONSTANT_CONVERSION = YES;
				CLANG_WARN_DEPRECATED_OBJC_IMPLEMENTATIONS = YES;
				CLANG_WARN_DIRECT_OBJC_ISA_USAGE = YES_ERROR;
				CLANG_WARN_DOCUMENTATION_COMMENTS = YES;
				CLANG_WARN_EMPTY_BODY = YES;
				CLANG_WARN_ENUM_CONVERSION = YES;
				CLANG_WARN_INFINITE_RECURSION = YES;
				CLANG_WARN_INT_CONVERSION = YES;
				CLANG_WARN_NON_LITERAL_NULL_CONVERSION = YES;
				CLANG_WARN_OBJC_IMPLICIT_RETAIN_SELF = YES;
				CLANG_WARN_OBJC_LITERAL_CONVERSION = YES;
				CLANG_WARN_OBJC_ROOT_CLASS = YES_ERROR;
				CLANG_WARN_QUOTED_INCLUDE_IN_FRAMEWORK_HEADER = YES;
				CLANG_WARN_RANGE_LOOP_ANALYSIS = YES;
				CLANG_WARN_STRICT_PROTOTYPES = YES;
				CLANG_WARN_SUSPICIOUS_MOVE = YES;
				CLANG_WARN_UNGUARDED_AVAILABILITY = YES_AGGRESSIVE;
				CLANG_WARN_UNREACHABLE_CODE = YES;
				CLANG_WARN__DUPLICATE_METHOD_MATCH = YES;
				COCO_API_BASE_URL = "https://dev-cocoapp.viteri.me";
				COPY_PHASE_STRIP = NO;
				CURRENT_PROJECT_VERSION = 1;
				DEBUG_INFORMATION_FORMAT = "dwarf-with-dsym";
				ENABLE_NS_ASSERTIONS = NO;
				ENABLE_STRICT_OBJC_MSGSEND = YES;
				GCC_C_LANGUAGE_STANDARD = gnu11;
				GCC_NO_COMMON_BLOCKS = YES;
				GCC_WARN_64_TO_32_BIT_CONVERSION = YES;
				GCC_WARN_ABOUT_RETURN_TYPE = YES_ERROR;
				GCC_WARN_UNDECLARED_SELECTOR = YES;
				GCC_WARN_UNINITIALIZED_AUTOS = YES_AGGRESSIVE;
				GCC_WARN_UNUSED_FUNCTION = YES;
				GCC_WARN_UNUSED_VARIABLE = YES;
				IPHONEOS_DEPLOYMENT_TARGET = 17.0;
				MARKETING_VERSION = 0.1.0;
				MTL_ENABLE_DEBUG_INFO = NO;
				MTL_FAST_MATH = YES;
				PRODUCT_NAME = "$(TARGET_NAME)";
				SDKROOT = iphoneos;
				SWIFT_COMPILATION_MODE = wholemodule;
				SWIFT_OPTIMIZATION_LEVEL = "-O";
				SWIFT_VERSION = 5.10;
			};
			name = Release;
		};
		A85C6670D427455E37021E3F /* Debug */ = {
			isa = XCBuildConfiguration;
			buildSettings = {
				ASSETCATALOG_COMPILER_GLOBAL_ACCENT_COLOR_NAME = AccentColor;
				INFOPLIST_FILE = CocoAccesos/Info.plist;
				IPHONEOS_DEPLOYMENT_TARGET = 17.0;
				LD_RUNPATH_SEARCH_PATHS = (
					"$(inherited)",
					"@executable_path/Frameworks",
					"@executable_path/../../Frameworks",
				);
				PRODUCT_BUNDLE_IDENTIFIER = co.loatech.coco.accesos;
				SDKROOT = iphoneos;
				SKIP_INSTALL = YES;
				TARGETED_DEVICE_FAMILY = 1;
			};
			name = Debug;
		};
		B70C1A000A9B07995F2D1749 /* Debug */ = {
			isa = XCBuildConfiguration;
			buildSettings = {
				ASSETCATALOG_COMPILER_APPICON_NAME = AppIcon;
				CODE_SIGN_IDENTITY = "iPhone Developer";
				ENABLE_PREVIEWS = YES;
				INFOPLIST_FILE = Coco/Resources/Info.plist;
				LD_RUNPATH_SEARCH_PATHS = (
					"$(inherited)",
					"@executable_path/Frameworks",
				);
				PRODUCT_BUNDLE_IDENTIFIER = co.loatech.coco;
				SDKROOT = iphoneos;
				TARGETED_DEVICE_FAMILY = 1;
			};
			name = Debug;
		};
		DA2D04C6F2655FD0C2C77E73 /* Debug */ = {
			isa = XCBuildConfiguration;
			buildSettings = {
				BUNDLE_LOADER = "$(TEST_HOST)";
				INFOPLIST_FILE = CocoTests/Info.plist;
				LD_RUNPATH_SEARCH_PATHS = (
					"$(inherited)",
					"@executable_path/Frameworks",
					"@loader_path/Frameworks",
				);
				PRODUCT_BUNDLE_IDENTIFIER = co.loatech.coco.tests;
				SDKROOT = iphoneos;
				TARGETED_DEVICE_FAMILY = "1,2";
				TEST_HOST = "$(BUILT_PRODUCTS_DIR)/Coco.app/Coco";
			};
			name = Debug;
		};
		EF9808C2BC81766040BE8753 /* Release */ = {
			isa = XCBuildConfiguration;
			buildSettings = {
				ASSETCATALOG_COMPILER_GLOBAL_ACCENT_COLOR_NAME = AccentColor;
				INFOPLIST_FILE = CocoAccesos/Info.plist;
				IPHONEOS_DEPLOYMENT_TARGET = 17.0;
				LD_RUNPATH_SEARCH_PATHS = (
					"$(inherited)",
					"@executable_path/Frameworks",
					"@executable_path/../../Frameworks",
				);
				PRODUCT_BUNDLE_IDENTIFIER = co.loatech.coco.accesos;
				SDKROOT = iphoneos;
				SKIP_INSTALL = YES;
				TARGETED_DEVICE_FAMILY = 1;
			};
			name = Release;
		};
		F7B5A94B92A19AD2008A46A1 /* Release */ = {
			isa = XCBuildConfiguration;
			buildSettings = {
				ASSETCATALOG_COMPILER_APPICON_NAME = AppIcon;
				CODE_SIGN_IDENTITY = "iPhone Developer";
				ENABLE_PREVIEWS = YES;
				INFOPLIST_FILE = Coco/Resources/Info.plist;
				LD_RUNPATH_SEARCH_PATHS = (
					"$(inherited)",
					"@executable_path/Frameworks",
				);
				PRODUCT_BUNDLE_IDENTIFIER = co.loatech.coco;
				SDKROOT = iphoneos;
				TARGETED_DEVICE_FAMILY = 1;
			};
			name = Release;
		};
/* End XCBuildConfiguration section */

/* Begin XCConfigurationList section */
		48776C031DC1DF4EB6FB858B /* Build configuration list for PBXProject "Coco" */ = {
			isa = XCConfigurationList;
			buildConfigurations = (
				19460309EB469192D39A7B6C /* Debug */,
				48A300B256CF60E59D07B90A /* Release */,
			);
			defaultConfigurationIsVisible = 0;
			defaultConfigurationName = Debug;
		};
		4D6CCD1A780F9D5C99B69C89 /* Build configuration list for PBXNativeTarget "Coco" */ = {
			isa = XCConfigurationList;
			buildConfigurations = (
				B70C1A000A9B07995F2D1749 /* Debug */,
				F7B5A94B92A19AD2008A46A1 /* Release */,
			);
			defaultConfigurationIsVisible = 0;
			defaultConfigurationName = Debug;
		};
		4EF1F111FB2E0F2B390D928F /* Build configuration list for PBXNativeTarget "CocoTests" */ = {
			isa = XCConfigurationList;
			buildConfigurations = (
				DA2D04C6F2655FD0C2C77E73 /* Debug */,
				0A865815786959AC865A9DBB /* Release */,
			);
			defaultConfigurationIsVisible = 0;
			defaultConfigurationName = Debug;
		};
		F79AF35485B5B1DB049DF524 /* Build configuration list for PBXNativeTarget "CocoAccesos" */ = {
			isa = XCConfigurationList;
			buildConfigurations = (
				A85C6670D427455E37021E3F /* Debug */,
				EF9808C2BC81766040BE8753 /* Release */,
			);
			defaultConfigurationIsVisible = 0;
			defaultConfigurationName = Debug;
		};
/* End XCConfigurationList section */
	};
	rootObject = 494DAA59E0F4BE1556ACEB87 /* Project object */;
}
