// !$*UTF8*$!
{
	archiveVersion = 1;
	classes = {
	};
	objectVersion = 77;
	objects = {

/* Begin PBXBuildFile section */
		008D821D7B37D367AB53309C /* QuickFormView.swift in Sources */ = {isa = PBXBuildFile; fileRef = 653B6CF4F49DF70FF504E6F3 /* QuickFormView.swift */; };
		01C62D6C0A6EF8EFDEDD3CCF /* FormPrefillTests.swift in Sources */ = {isa = PBXBuildFile; fileRef = 57A0D91C163D434FDF59F666 /* FormPrefillTests.swift */; };
		0C2B4F0621D26DD34D9710BD /* CaptureQueueTypes.swift in Sources */ = {isa = PBXBuildFile; fileRef = A6BEFAE8B5657629B83F4053 /* CaptureQueueTypes.swift */; };
		0DD68DD45FB20B275D9394A9 /* Retry.swift in Sources */ = {isa = PBXBuildFile; fileRef = C978F01CDEB7D246EC83121C /* Retry.swift */; };
		11775A5A75546491E6AB2258 /* InMemoryKeychain.swift in Sources */ = {isa = PBXBuildFile; fileRef = 28054FC61CE3988B8459BD59 /* InMemoryKeychain.swift */; };
		175576668AFB3006BDA8266C /* WebNotice.swift in Sources */ = {isa = PBXBuildFile; fileRef = 642935DC90E194281A50CADA /* WebNotice.swift */; };
		1827311C39E50CFDC9069C9D /* BackgroundJobsTests.swift in Sources */ = {isa = PBXBuildFile; fileRef = 38661AD2B5DF82F68944211D /* BackgroundJobsTests.swift */; };
		1B6E2732A0BB54038DC6C36C /* AmountParserTests.swift in Sources */ = {isa = PBXBuildFile; fileRef = 4B02AC6FAC7C0580E73AAB51 /* AmountParserTests.swift */; };
		1E0DDF0B516E71239039F00B /* ActionParameters.swift in Sources */ = {isa = PBXBuildFile; fileRef = 3D8E005ACFB7809CC1DECF0A /* ActionParameters.swift */; };
		1E8838C15E2F6E2CB0E0F356 /* NotifierTests.swift in Sources */ = {isa = PBXBuildFile; fileRef = 80B802E50AA72743E5C69DA9 /* NotifierTests.swift */; };
		20C9EE52E1C35A2D78D2F024 /* CaptureQueue.swift in Sources */ = {isa = PBXBuildFile; fileRef = E1675FC859C6DF3961CBDA06 /* CaptureQueue.swift */; };
		22D6DEBF74A833EE5850B34C /* CaptureQueueTests.swift in Sources */ = {isa = PBXBuildFile; fileRef = D8EB5F5213621997BFA7F2B6 /* CaptureQueueTests.swift */; };
		238435F6B93F3F2938CF423B /* RootView.swift in Sources */ = {isa = PBXBuildFile; fileRef = BD80CC81D83FEEA585B70833 /* RootView.swift */; };
		24F68DDD11356EC9DCC0EC90 /* WebBridge.swift in Sources */ = {isa = PBXBuildFile; fileRef = 4A96B0205B1EA1163A88D39F /* WebBridge.swift */; };
		271056A643B6FBC3D9ED370B /* Assets.xcassets in Resources */ = {isa = PBXBuildFile; fileRef = 264EF24D021A7523F1BAA85D /* Assets.xcassets */; };
		27E571D6DC197F5B1580E4F3 /* RouterTests.swift in Sources */ = {isa = PBXBuildFile; fileRef = B361C7764768B0695EA48CC7 /* RouterTests.swift */; };
		282E53EFBD55F0907CDC8EB4 /* APIKeysTests.swift in Sources */ = {isa = PBXBuildFile; fileRef = B7EFC36FF7A7EFFA5516704B /* APIKeysTests.swift */; };
		28FA711DEF8E68A63AC20332 /* SystemNotifier.swift in Sources */ = {isa = PBXBuildFile; fileRef = A0D90EDDA215DA395B9D51B2 /* SystemNotifier.swift */; };
		2A555C4996AC8A370573D6D1 /* CaptureQueue+Actions.swift in Sources */ = {isa = PBXBuildFile; fileRef = 5DA627BAFFB2CBFD0F241FBD /* CaptureQueue+Actions.swift */; };
		2BECD91DD4CCB5057901B433 /* APIClientTests.swift in Sources */ = {isa = PBXBuildFile; fileRef = 1FAAF800C70E03DEC7A66907 /* APIClientTests.swift */; };
		2C684E018C829CFA2BD6DC8C /* OpenCaptureIntent.swift in Sources */ = {isa = PBXBuildFile; fileRef = CA139D2FC75A13B985FD4B3E /* OpenCaptureIntent.swift */; };
		2D126B68C0A54E49EFD41411 /* RetryTests.swift in Sources */ = {isa = PBXBuildFile; fileRef = B30410BA1D63906DE20EBE44 /* RetryTests.swift */; };
		2D810F2EBCA25CB7B57CCCA1 /* AmountParser.swift in Sources */ = {isa = PBXBuildFile; fileRef = 2906F1B8212FF0E07DE9092F /* AmountParser.swift */; };
		2F5226CCB9EEFBB72C4529EA /* APIProblemTests.swift in Sources */ = {isa = PBXBuildFile; fileRef = BC4D10E3358AE31BDD8F71CD /* APIProblemTests.swift */; };
		2FFCBE267F59B9CAB3ED0C53 /* APICaptureSender.swift in Sources */ = {isa = PBXBuildFile; fileRef = C3E1FE7957A2B77147298A8F /* APICaptureSender.swift */; };
		310D5C30F4EBD0735800AC41 /* CaptureWidget.swift in Sources */ = {isa = PBXBuildFile; fileRef = DFEF0FBE45C09F00E1E0A512 /* CaptureWidget.swift */; };
		32D282B36E0584F454D017DE /* FakeTransport.swift in Sources */ = {isa = PBXBuildFile; fileRef = 76A47B8C65B259DEDD251447 /* FakeTransport.swift */; };
		33194B9B10A2496505559985 /* AppLog.swift in Sources */ = {isa = PBXBuildFile; fileRef = 4C7F1FA462E25502E754C092 /* AppLog.swift */; };
		33AD23F2621ECAE5AB8F8654 /* PesoFormat.swift in Sources */ = {isa = PBXBuildFile; fileRef = B5359F859315D07556E0F682 /* PesoFormat.swift */; };
		361633EEAE9DE83B176705A7 /* FormPrefill.swift in Sources */ = {isa = PBXBuildFile; fileRef = A9469312A2CBB61C891681A9 /* FormPrefill.swift */; };
		361ADE09C63F98719927C063 /* IntentDependencies.swift in Sources */ = {isa = PBXBuildFile; fileRef = 01553A9D18B559B9EFCC46C9 /* IntentDependencies.swift */; };
		3C462C8FA714A285B5B08C8C /* WebBridgeTests.swift in Sources */ = {isa = PBXBuildFile; fileRef = 4721E0E6A5267CFC6E8D2BD2 /* WebBridgeTests.swift */; };
		3EA0B15493CCFA5BA75C9B22 /* localization-baseline.json in Resources */ = {isa = PBXBuildFile; fileRef = 420D6CBE72F157677A6135A7 /* localization-baseline.json */; };
		403FE9C4087CFE0CD0898DAF /* PhotoReducer.swift in Sources */ = {isa = PBXBuildFile; fileRef = 3EA97FF867EB36BD11C15F7C /* PhotoReducer.swift */; };
		4194F06605736F23F29DF7A4 /* BootScript.swift in Sources */ = {isa = PBXBuildFile; fileRef = C7102D2F20CE2941A672E2E8 /* BootScript.swift */; };
		427DBAB4B6E155D6C1C3B59E /* FormModel.swift in Sources */ = {isa = PBXBuildFile; fileRef = 07B8AF7C79DB1B5AE04C0869 /* FormModel.swift */; };
		43F1AB2196FA03982C398973 /* ReceiptReaderTests.swift in Sources */ = {isa = PBXBuildFile; fileRef = D0C466CEBDF260C5C0C72AB1 /* ReceiptReaderTests.swift */; };
		43F88C103707804F06AAEBD1 /* Brand.swift in Sources */ = {isa = PBXBuildFile; fileRef = 68CBE1CBAC46B0C8D8A52AD2 /* Brand.swift */; };
		47A6279BF24E0091BCE36AD6 /* BogotaDateTests.swift in Sources */ = {isa = PBXBuildFile; fileRef = 04B1A99864765699E672B0CD /* BogotaDateTests.swift */; };
		47E14158F240116524EF9E16 /* L10n.swift in Sources */ = {isa = PBXBuildFile; fileRef = C8D8A13B1F331BAD8AE12C58 /* L10n.swift */; };
		481E21D53110CC3A5CC13D65 /* MoreView.swift in Sources */ = {isa = PBXBuildFile; fileRef = 6FFBF7AFB2F9C0A4EEC1A353 /* MoreView.swift */; };
		489776BDA37B607D5F8B369C /* CocoApp.swift in Sources */ = {isa = PBXBuildFile; fileRef = B4D0133AF66A900BEEF56E9D /* CocoApp.swift */; };
		4C938974F5200F0763D5F354 /* APIConfiguration.swift in Sources */ = {isa = PBXBuildFile; fileRef = 04F1612437D1DA4FA9D28565 /* APIConfiguration.swift */; };
		5044526D44CA1519A93F5B8F /* TreeIndexTests.swift in Sources */ = {isa = PBXBuildFile; fileRef = 2E66AFAA1C9EE7274E83CD3D /* TreeIndexTests.swift */; };
		5066E95654B8B9A89C36F843 /* ProvisioningProfileReaderTests.swift in Sources */ = {isa = PBXBuildFile; fileRef = EEFA1C21AE7912DB07C6E679 /* ProvisioningProfileReaderTests.swift */; };
		5CB1DEBE0436AFFCF30B19FB /* ActionParametersTests.swift in Sources */ = {isa = PBXBuildFile; fileRef = 264BC8DABB35A978568CC557 /* ActionParametersTests.swift */; };
		5D7D728F1F8B75E906A05432 /* .swiftlint.yml in Resources */ = {isa = PBXBuildFile; fileRef = F0ACD17846C706817941AA82 /* .swiftlint.yml */; };
		6A07309BD694D0A5271B3C39 /* BogotaDate.swift in Sources */ = {isa = PBXBuildFile; fileRef = E78E225288920CDE52F16428 /* BogotaDate.swift */; };
		6BB4C96B30910AA1D84D6F4B /* Localizable.xcstrings in Resources */ = {isa = PBXBuildFile; fileRef = BACED66587F05196C68E4B1C /* Localizable.xcstrings */; };
		704BB8CB8B5207741A6C17F8 /* VisibleTextTests.swift in Sources */ = {isa = PBXBuildFile; fileRef = 91415B05E92A019D4652C6C6 /* VisibleTextTests.swift */; };
		7270A3D364F7CB6F5EA337BF /* CaptureQueueHardeningTests.swift in Sources */ = {isa = PBXBuildFile; fileRef = 1BE016534A5A278F893AE32B /* CaptureQueueHardeningTests.swift */; };
		77D03438D630964B73A92266 /* TreeSynchronizer.swift in Sources */ = {isa = PBXBuildFile; fileRef = BC6978EF7B0A44DA25CFD7C0 /* TreeSynchronizer.swift */; };
		78C1E55065760D376D999514 /* CameraPicker.swift in Sources */ = {isa = PBXBuildFile; fileRef = 77413FCCD41A3C54F576B02F /* CameraPicker.swift */; };
		7B60C73AFDB60C9E6F077E8E /* APIError.swift in Sources */ = {isa = PBXBuildFile; fileRef = 29F20F6CD1C7FE7B3A0F947E /* APIError.swift */; };
		7EC281240371559E03C61AED /* QueuedCapturerTests.swift in Sources */ = {isa = PBXBuildFile; fileRef = 77503AA24975DDAA8DD71310 /* QueuedCapturerTests.swift */; };
		7F0CD868919829CDD5C1B2E9 /* RequestBuilderTests.swift in Sources */ = {isa = PBXBuildFile; fileRef = 003B22F41D247192E9875A85 /* RequestBuilderTests.swift */; };
		848A571F49235281631A86A8 /* WelcomeView.swift in Sources */ = {isa = PBXBuildFile; fileRef = DD419A3ACB375FD8F79D08AD /* WelcomeView.swift */; };
		84AA1A1742A5ACDEFAB85C39 /* Dependencies.swift in Sources */ = {isa = PBXBuildFile; fileRef = 47395B744D1F08448D560968 /* Dependencies.swift */; };
		87C9A92CE612BA1CCE850BF4 /* ExpiryReminder.swift in Sources */ = {isa = PBXBuildFile; fileRef = D9D1D49FFB7CB8355EB7676E /* ExpiryReminder.swift */; };
		888F2C202C7372688344ADD4 /* CocoShortcuts.swift in Sources */ = {isa = PBXBuildFile; fileRef = D6B01BE57D8A102FDA0AB5E8 /* CocoShortcuts.swift */; };
		893349527E0861D4B781E29F /* ExpiryReminderTests.swift in Sources */ = {isa = PBXBuildFile; fileRef = B2CF523FA3F1F3F96673EBAB /* ExpiryReminderTests.swift */; };
		8C6650AEC5A23261462027D7 /* PhotoShrinker.swift in Sources */ = {isa = PBXBuildFile; fileRef = 61923B907660C19074AF015C /* PhotoShrinker.swift */; };
		8C6CB06BDA1DE65C579CF713 /* CaptureBody.swift in Sources */ = {isa = PBXBuildFile; fileRef = 75F83D6C19654DCD07B9D25C /* CaptureBody.swift */; };
		8D9A4F4F4F93FEDD4DF645D0 /* TreeIndex.swift in Sources */ = {isa = PBXBuildFile; fileRef = 238939DA2AF6340EC2F6C48B /* TreeIndex.swift */; };
		9059295174EAFBD072B50ABE /* ContractsTests.swift in Sources */ = {isa = PBXBuildFile; fileRef = 489506EC410585871B539295 /* ContractsTests.swift */; };
		923B3C0D5FE50DA9F53B6E1E /* RecordWalletExpenseIntent.swift in Sources */ = {isa = PBXBuildFile; fileRef = DC2EAC81398DCD5D25C65475 /* RecordWalletExpenseIntent.swift */; };
		95AAD6A3C4244CE1F7C45534 /* APIRequest.swift in Sources */ = {isa = PBXBuildFile; fileRef = 09250FF22D88BA4D5D0F2CFE /* APIRequest.swift */; };
		97E028329399CE97AE9688B3 /* Assets.xcassets in Resources */ = {isa = PBXBuildFile; fileRef = 9468E87006C29AED16D769EE /* Assets.xcassets */; };
		988C03EEE36344FB84A519D2 /* QueuedCapturer.swift in Sources */ = {isa = PBXBuildFile; fileRef = 0AE9EF53D73B6721E4DEF6C8 /* QueuedCapturer.swift */; };
		98B8050E56B05FB8AAF9958A /* Coco in Resources */ = {isa = PBXBuildFile; fileRef = 3423C58EE4B3FCF48740BCCD /* Coco */; };
		9A8160EB5D5ED8257618FBA8 /* CocoWidgets in Resources */ = {isa = PBXBuildFile; fileRef = 29BC9B9355F404DBED7DD910 /* CocoWidgets */; };
		9CAF7559AD948070E94BA92A /* SystemKeychain.swift in Sources */ = {isa = PBXBuildFile; fileRef = 97281822E99F1B52C92B4105 /* SystemKeychain.swift */; };
		9F02F05B8FD4E68BF6A77473 /* L10n.swift in Sources */ = {isa = PBXBuildFile; fileRef = E0FA84CB1184EC0B16FCEF4D /* L10n.swift */; };
		9F4EC06CB066FA5CE00B5009 /* ReceiptReader.swift in Sources */ = {isa = PBXBuildFile; fileRef = 62F336F12F2B0C64149CDD7C /* ReceiptReader.swift */; };
		9F79F0978FDBFEDC710719B0 /* CaptureControl.swift in Sources */ = {isa = PBXBuildFile; fileRef = 7CE6C140A2B614E35B944367 /* CaptureControl.swift */; };
		A124B53A28AA262B4005BC3F /* RecordManualExpenseIntent.swift in Sources */ = {isa = PBXBuildFile; fileRef = 6774C507B6041317CE6EC6BF /* RecordManualExpenseIntent.swift */; };
		A3CC12982F4F25C6941650BB /* AutomationStepsTests.swift in Sources */ = {isa = PBXBuildFile; fileRef = CF95E60329279E90349F8408 /* AutomationStepsTests.swift */; };
		AAEC61E5BD23FC37E0F6CA89 /* OfflineView.swift in Sources */ = {isa = PBXBuildFile; fileRef = EE34F1C20582837A22FE67FB /* OfflineView.swift */; };
		AE00FC97E3691E7D0AEA6969 /* APIContracts.swift in Sources */ = {isa = PBXBuildFile; fileRef = 2CB49D061F15944E6E368882 /* APIContracts.swift */; };
		AEF0FBB1F219A8B2A206B2A0 /* KeychainStore.swift in Sources */ = {isa = PBXBuildFile; fileRef = 1E21F953E9125CE1FAF0DAA4 /* KeychainStore.swift */; };
		B0403727CF32CA584B3D58F7 /* DiskTreeStore.swift in Sources */ = {isa = PBXBuildFile; fileRef = 29228ACE802B129A82FA741B /* DiskTreeStore.swift */; };
		B315A3442FA215767C36C5BB /* Localizable.xcstrings in Resources */ = {isa = PBXBuildFile; fileRef = D11158333E4329B6BCD0E94F /* Localizable.xcstrings */; };
		B59D2A2512AA684B7433F943 /* FormModelTests.swift in Sources */ = {isa = PBXBuildFile; fileRef = C51E91A279C655F3E6CE36F8 /* FormModelTests.swift */; };
		B5FD9F4F823F05E22E9E2A85 /* WebContainer.swift in Sources */ = {isa = PBXBuildFile; fileRef = 9BFE535EEF29D63D2471F23C /* WebContainer.swift */; };
		B6474B9E267BEDB0E8F9B1CD /* PendingCapture.swift in Sources */ = {isa = PBXBuildFile; fileRef = B77B72FE67425422B9305719 /* PendingCapture.swift */; };
		BB582DEA8CE42C92DB1092F4 /* APIConfigurationTests.swift in Sources */ = {isa = PBXBuildFile; fileRef = 42834034F75392E6AFBCCECD /* APIConfigurationTests.swift */; };
		BCC399DD2EA88B8C0AC28869 /* AmountField.swift in Sources */ = {isa = PBXBuildFile; fileRef = 915660679DF33FCEF58945E4 /* AmountField.swift */; };
		BD4A0AF410D3CC357C374372 /* BackgroundJobs.swift in Sources */ = {isa = PBXBuildFile; fileRef = E8F96A0B6B7EE546FF7C0EF9 /* BackgroundJobs.swift */; };
		C0E18FDD24BFEEFF53531143 /* APIClient.swift in Sources */ = {isa = PBXBuildFile; fileRef = 37C0BEF1ED7121E51B04BB7B /* APIClient.swift */; };
		C1ADEF89C4461729C67B8036 /* Router.swift in Sources */ = {isa = PBXBuildFile; fileRef = 53609F34683229D2EAFFF378 /* Router.swift */; };
		C472664A848946BB3FE5463E /* RecentConceptsTests.swift in Sources */ = {isa = PBXBuildFile; fileRef = EBCFE6E25CAB5299893B8D91 /* RecentConceptsTests.swift */; };
		C53E54B7C6BCCC1C21B8D400 /* CapturesView.swift in Sources */ = {isa = PBXBuildFile; fileRef = FEE6BC15F79C0454FD2820FD /* CapturesView.swift */; };
		C74B4DF50F0FD07F6EB6FA2E /* ModuleContracts.swift in Sources */ = {isa = PBXBuildFile; fileRef = 825ED5D9A61E6D182758D700 /* ModuleContracts.swift */; };
		C94FD567BF55E06DE7EA854E /* PhotoShrinkerTests.swift in Sources */ = {isa = PBXBuildFile; fileRef = 00CBA784B1BE15457C4A62FB /* PhotoShrinkerTests.swift */; };
		CADC7FBC40B1A2414D88EEC2 /* WebViewRepresentable.swift in Sources */ = {isa = PBXBuildFile; fileRef = D639CEFF0AD41E300D55F3C6 /* WebViewRepresentable.swift */; };
		CB6E5F4D58ED1203E3E574D3 /* NativeSessionTests.swift in Sources */ = {isa = PBXBuildFile; fileRef = 2AEFDC8072270CCFE334E840 /* NativeSessionTests.swift */; };
		CB92B1F07358F4205A5708D6 /* QueueAndBridgeDoubles.swift in Sources */ = {isa = PBXBuildFile; fileRef = B806B5DA8157C161C78060F2 /* QueueAndBridgeDoubles.swift */; };
		CCE533D45F0D59FE37CBBE03 /* RecordSMSExpenseIntent.swift in Sources */ = {isa = PBXBuildFile; fileRef = 78F8F59C4088C39A6810345A /* RecordSMSExpenseIntent.swift */; };
		CD99FE1B99DA1494DCADD7FA /* CocoWidgets.swift in Sources */ = {isa = PBXBuildFile; fileRef = 5B0675F8273490FF4136BFE3 /* CocoWidgets.swift */; };
		D0CBDB44C44001A178C150DF /* RecentConcepts.swift in Sources */ = {isa = PBXBuildFile; fileRef = B2C04CFB8AD8AC217A602F28 /* RecentConcepts.swift */; };
		D20DABA25F2C473B11259EF8 /* StoredFormatTests.swift in Sources */ = {isa = PBXBuildFile; fileRef = 773157935FB854769C75BCE3 /* StoredFormatTests.swift */; };
		D44A5970AD82474A35C0080E /* DiskQueueStore.swift in Sources */ = {isa = PBXBuildFile; fileRef = 924300175E6F8D5D5BB2E4D9 /* DiskQueueStore.swift */; };
		DF8D77A38268FC16BADF0F5C /* SettingsView.swift in Sources */ = {isa = PBXBuildFile; fileRef = 1745B5733C5D7A9069B7CDB4 /* SettingsView.swift */; };
		E0A9C25B8291CAE954D740D4 /* TreeSynchronizerTests.swift in Sources */ = {isa = PBXBuildFile; fileRef = A13A0783ECDB59AE5AD01027 /* TreeSynchronizerTests.swift */; };
		E16CA0CB8FB3C6C8FC1D9801 /* Connectivity.swift in Sources */ = {isa = PBXBuildFile; fileRef = 59D8395C533BDEE106462A62 /* Connectivity.swift */; };
		E44C1BA9959B3DAEDD231432 /* APIProblem.swift in Sources */ = {isa = PBXBuildFile; fileRef = 308B30BE7F4D40FC62629361 /* APIProblem.swift */; };
		E552A7344A9C2A6ACBE55A29 /* LocalizationTests.swift in Sources */ = {isa = PBXBuildFile; fileRef = AAAA3D7C13D7B0C6BE877364 /* LocalizationTests.swift */; };
		EA2FAAC74519205D55E0C52B /* SavedTree.swift in Sources */ = {isa = PBXBuildFile; fileRef = E9DEFB3384D9725D4BAC2627 /* SavedTree.swift */; };
		ED4E4EE7830104F308DD616B /* ProvisioningProfileReader.swift in Sources */ = {isa = PBXBuildFile; fileRef = D2C3817EA94CD5579E4EED19 /* ProvisioningProfileReader.swift */; };
		F2D9191AD561B21E5C2A5ABA /* ConceptSearchView.swift in Sources */ = {isa = PBXBuildFile; fileRef = 9E0D65530BF35342EB89BDA7 /* ConceptSearchView.swift */; };
		F3126926FDB384C8F7AE4A37 /* CaptureQueueProblemTests.swift in Sources */ = {isa = PBXBuildFile; fileRef = 5A77C82815B333D5A2B0A286 /* CaptureQueueProblemTests.swift */; };
		F6571693044CCD73B2E9C154 /* AutomationSteps.swift in Sources */ = {isa = PBXBuildFile; fileRef = 258C6951BDEDD5E9726AF49C /* AutomationSteps.swift */; };
		F6F4875B5810FC97D7A0404A /* DependenciesTests.swift in Sources */ = {isa = PBXBuildFile; fileRef = 93974CB4E08BEF655E37C4BE /* DependenciesTests.swift */; };
		F7AA6E6208EA37A90E810879 /* CocoWidgets.appex in Embed Foundation Extensions */ = {isa = PBXBuildFile; fileRef = 0FBDF72F09E4F0AB6A7340AE /* CocoWidgets.appex */; settings = {ATTRIBUTES = (RemoveHeadersOnCopy, ); }; };
		F80C853CDC5D923F07477A94 /* URLSessionTransport.swift in Sources */ = {isa = PBXBuildFile; fileRef = C1FC2F7C15DA23E7CAC29ED0 /* URLSessionTransport.swift */; };
		F94E02A63B7E88EE50A2AF8F /* SignInView.swift in Sources */ = {isa = PBXBuildFile; fileRef = 387FA9E04CEB13F27DFC16D9 /* SignInView.swift */; };
		FAFD3FF7CB429E4B19D69FC2 /* NativeSession.swift in Sources */ = {isa = PBXBuildFile; fileRef = 29922A13072CEF1A51806DAE /* NativeSession.swift */; };
/* End PBXBuildFile section */

/* Begin PBXContainerItemProxy section */
		3989806950071705EEAB5432 /* PBXContainerItemProxy */ = {
			isa = PBXContainerItemProxy;
			containerPortal = 494DAA59E0F4BE1556ACEB87 /* Project object */;
			proxyType = 1;
			remoteGlobalIDString = B588E7156C73FE1C437FB70B;
			remoteInfo = Coco;
		};
		F37E25E8AF8B84D0D1F0E68C /* PBXContainerItemProxy */ = {
			isa = PBXContainerItemProxy;
			containerPortal = 494DAA59E0F4BE1556ACEB87 /* Project object */;
			proxyType = 1;
			remoteGlobalIDString = 29C15BB4BC5D4096459D4C94;
			remoteInfo = CocoWidgets;
		};
/* End PBXContainerItemProxy section */

/* Begin PBXCopyFilesBuildPhase section */
		D93091C122DDDACB6559FD1C /* Embed Foundation Extensions */ = {
			isa = PBXCopyFilesBuildPhase;
			buildActionMask = 2147483647;
			dstPath = "";
			dstSubfolderSpec = 13;
			files = (
				F7AA6E6208EA37A90E810879 /* CocoWidgets.appex in Embed Foundation Extensions */,
			);
			name = "Embed Foundation Extensions";
			runOnlyForDeploymentPostprocessing = 0;
		};
/* End PBXCopyFilesBuildPhase section */

/* Begin PBXFileReference section */
		003B22F41D247192E9875A85 /* RequestBuilderTests.swift */ = {isa = PBXFileReference; lastKnownFileType = sourcecode.swift; path = RequestBuilderTests.swift; sourceTree = "<group>"; };
		00CBA784B1BE15457C4A62FB /* PhotoShrinkerTests.swift */ = {isa = PBXFileReference; lastKnownFileType = sourcecode.swift; path = PhotoShrinkerTests.swift; sourceTree = "<group>"; };
		01553A9D18B559B9EFCC46C9 /* IntentDependencies.swift */ = {isa = PBXFileReference; lastKnownFileType = sourcecode.swift; path = IntentDependencies.swift; sourceTree = "<group>"; };
		04B1A99864765699E672B0CD /* BogotaDateTests.swift */ = {isa = PBXFileReference; lastKnownFileType = sourcecode.swift; path = BogotaDateTests.swift; sourceTree = "<group>"; };
		04F1612437D1DA4FA9D28565 /* APIConfiguration.swift */ = {isa = PBXFileReference; lastKnownFileType = sourcecode.swift; path = APIConfiguration.swift; sourceTree = "<group>"; };
		07B8AF7C79DB1B5AE04C0869 /* FormModel.swift */ = {isa = PBXFileReference; lastKnownFileType = sourcecode.swift; path = FormModel.swift; sourceTree = "<group>"; };
		09250FF22D88BA4D5D0F2CFE /* APIRequest.swift */ = {isa = PBXFileReference; lastKnownFileType = sourcecode.swift; path = APIRequest.swift; sourceTree = "<group>"; };
		0AE9EF53D73B6721E4DEF6C8 /* QueuedCapturer.swift */ = {isa = PBXFileReference; lastKnownFileType = sourcecode.swift; path = QueuedCapturer.swift; sourceTree = "<group>"; };
		0FBDF72F09E4F0AB6A7340AE /* CocoWidgets.appex */ = {isa = PBXFileReference; includeInIndex = 0; lastKnownFileType = "wrapper.app-extension"; path = CocoWidgets.appex; sourceTree = BUILT_PRODUCTS_DIR; };
		1745B5733C5D7A9069B7CDB4 /* SettingsView.swift */ = {isa = PBXFileReference; lastKnownFileType = sourcecode.swift; path = SettingsView.swift; sourceTree = "<group>"; };
		1BE016534A5A278F893AE32B /* CaptureQueueHardeningTests.swift */ = {isa = PBXFileReference; lastKnownFileType = sourcecode.swift; path = CaptureQueueHardeningTests.swift; sourceTree = "<group>"; };
		1E21F953E9125CE1FAF0DAA4 /* KeychainStore.swift */ = {isa = PBXFileReference; lastKnownFileType = sourcecode.swift; path = KeychainStore.swift; sourceTree = "<group>"; };
		1FAAF800C70E03DEC7A66907 /* APIClientTests.swift */ = {isa = PBXFileReference; lastKnownFileType = sourcecode.swift; path = APIClientTests.swift; sourceTree = "<group>"; };
		238939DA2AF6340EC2F6C48B /* TreeIndex.swift */ = {isa = PBXFileReference; lastKnownFileType = sourcecode.swift; path = TreeIndex.swift; sourceTree = "<group>"; };
		258C6951BDEDD5E9726AF49C /* AutomationSteps.swift */ = {isa = PBXFileReference; lastKnownFileType = sourcecode.swift; path = AutomationSteps.swift; sourceTree = "<group>"; };
		264BC8DABB35A978568CC557 /* ActionParametersTests.swift */ = {isa = PBXFileReference; lastKnownFileType = sourcecode.swift; path = ActionParametersTests.swift; sourceTree = "<group>"; };
		264EF24D021A7523F1BAA85D /* Assets.xcassets */ = {isa = PBXFileReference; lastKnownFileType = folder.assetcatalog; path = Assets.xcassets; sourceTree = "<group>"; };
		28054FC61CE3988B8459BD59 /* InMemoryKeychain.swift */ = {isa = PBXFileReference; lastKnownFileType = sourcecode.swift; path = InMemoryKeychain.swift; sourceTree = "<group>"; };
		2906F1B8212FF0E07DE9092F /* AmountParser.swift */ = {isa = PBXFileReference; lastKnownFileType = sourcecode.swift; path = AmountParser.swift; sourceTree = "<group>"; };
		29228ACE802B129A82FA741B /* DiskTreeStore.swift */ = {isa = PBXFileReference; lastKnownFileType = sourcecode.swift; path = DiskTreeStore.swift; sourceTree = "<group>"; };
		29922A13072CEF1A51806DAE /* NativeSession.swift */ = {isa = PBXFileReference; lastKnownFileType = sourcecode.swift; path = NativeSession.swift; sourceTree = "<group>"; };
		29BC9B9355F404DBED7DD910 /* CocoWidgets */ = {isa = PBXFileReference; lastKnownFileType = folder; path = CocoWidgets; sourceTree = SOURCE_ROOT; };
		29F20F6CD1C7FE7B3A0F947E /* APIError.swift */ = {isa = PBXFileReference; lastKnownFileType = sourcecode.swift; path = APIError.swift; sourceTree = "<group>"; };
		2AEFDC8072270CCFE334E840 /* NativeSessionTests.swift */ = {isa = PBXFileReference; lastKnownFileType = sourcecode.swift; path = NativeSessionTests.swift; sourceTree = "<group>"; };
		2CB49D061F15944E6E368882 /* APIContracts.swift */ = {isa = PBXFileReference; lastKnownFileType = sourcecode.swift; path = APIContracts.swift; sourceTree = "<group>"; };
		2E66AFAA1C9EE7274E83CD3D /* TreeIndexTests.swift */ = {isa = PBXFileReference; lastKnownFileType = sourcecode.swift; path = TreeIndexTests.swift; sourceTree = "<group>"; };
		308B30BE7F4D40FC62629361 /* APIProblem.swift */ = {isa = PBXFileReference; lastKnownFileType = sourcecode.swift; path = APIProblem.swift; sourceTree = "<group>"; };
		3423C58EE4B3FCF48740BCCD /* Coco */ = {isa = PBXFileReference; lastKnownFileType = folder; path = Coco; sourceTree = SOURCE_ROOT; };
		37C0BEF1ED7121E51B04BB7B /* APIClient.swift */ = {isa = PBXFileReference; lastKnownFileType = sourcecode.swift; path = APIClient.swift; sourceTree = "<group>"; };
		38661AD2B5DF82F68944211D /* BackgroundJobsTests.swift */ = {isa = PBXFileReference; lastKnownFileType = sourcecode.swift; path = BackgroundJobsTests.swift; sourceTree = "<group>"; };
		387FA9E04CEB13F27DFC16D9 /* SignInView.swift */ = {isa = PBXFileReference; lastKnownFileType = sourcecode.swift; path = SignInView.swift; sourceTree = "<group>"; };
		38F156B4797596158DB71D3B /* Info.plist */ = {isa = PBXFileReference; lastKnownFileType = text.plist; path = Info.plist; sourceTree = "<group>"; };
		3D8E005ACFB7809CC1DECF0A /* ActionParameters.swift */ = {isa = PBXFileReference; lastKnownFileType = sourcecode.swift; path = ActionParameters.swift; sourceTree = "<group>"; };
		3EA97FF867EB36BD11C15F7C /* PhotoReducer.swift */ = {isa = PBXFileReference; lastKnownFileType = sourcecode.swift; path = PhotoReducer.swift; sourceTree = "<group>"; };
		420D6CBE72F157677A6135A7 /* localization-baseline.json */ = {isa = PBXFileReference; lastKnownFileType = text.json; path = "localization-baseline.json"; sourceTree = "<group>"; };
		42834034F75392E6AFBCCECD /* APIConfigurationTests.swift */ = {isa = PBXFileReference; lastKnownFileType = sourcecode.swift; path = APIConfigurationTests.swift; sourceTree = "<group>"; };
		4721E0E6A5267CFC6E8D2BD2 /* WebBridgeTests.swift */ = {isa = PBXFileReference; lastKnownFileType = sourcecode.swift; path = WebBridgeTests.swift; sourceTree = "<group>"; };
		47395B744D1F08448D560968 /* Dependencies.swift */ = {isa = PBXFileReference; lastKnownFileType = sourcecode.swift; path = Dependencies.swift; sourceTree = "<group>"; };
		489506EC410585871B539295 /* ContractsTests.swift */ = {isa = PBXFileReference; lastKnownFileType = sourcecode.swift; path = ContractsTests.swift; sourceTree = "<group>"; };
		4A96B0205B1EA1163A88D39F /* WebBridge.swift */ = {isa = PBXFileReference; lastKnownFileType = sourcecode.swift; path = WebBridge.swift; sourceTree = "<group>"; };
		4B02AC6FAC7C0580E73AAB51 /* AmountParserTests.swift */ = {isa = PBXFileReference; lastKnownFileType = sourcecode.swift; path = AmountParserTests.swift; sourceTree = "<group>"; };
		4C7F1FA462E25502E754C092 /* AppLog.swift */ = {isa = PBXFileReference; lastKnownFileType = sourcecode.swift; path = AppLog.swift; sourceTree = "<group>"; };
		53609F34683229D2EAFFF378 /* Router.swift */ = {isa = PBXFileReference; lastKnownFileType = sourcecode.swift; path = Router.swift; sourceTree = "<group>"; };
		57A0D91C163D434FDF59F666 /* FormPrefillTests.swift */ = {isa = PBXFileReference; lastKnownFileType = sourcecode.swift; path = FormPrefillTests.swift; sourceTree = "<group>"; };
		59D8395C533BDEE106462A62 /* Connectivity.swift */ = {isa = PBXFileReference; lastKnownFileType = sourcecode.swift; path = Connectivity.swift; sourceTree = "<group>"; };
		5A77C82815B333D5A2B0A286 /* CaptureQueueProblemTests.swift */ = {isa = PBXFileReference; lastKnownFileType = sourcecode.swift; path = CaptureQueueProblemTests.swift; sourceTree = "<group>"; };
		5B0675F8273490FF4136BFE3 /* CocoWidgets.swift */ = {isa = PBXFileReference; lastKnownFileType = sourcecode.swift; path = CocoWidgets.swift; sourceTree = "<group>"; };
		5DA627BAFFB2CBFD0F241FBD /* CaptureQueue+Actions.swift */ = {isa = PBXFileReference; lastKnownFileType = sourcecode.swift; path = "CaptureQueue+Actions.swift"; sourceTree = "<group>"; };
		613FE392E47C1E93961251B2 /* CocoTests.xctest */ = {isa = PBXFileReference; includeInIndex = 0; lastKnownFileType = wrapper.cfbundle; path = CocoTests.xctest; sourceTree = BUILT_PRODUCTS_DIR; };
		61923B907660C19074AF015C /* PhotoShrinker.swift */ = {isa = PBXFileReference; lastKnownFileType = sourcecode.swift; path = PhotoShrinker.swift; sourceTree = "<group>"; };
		62F336F12F2B0C64149CDD7C /* ReceiptReader.swift */ = {isa = PBXFileReference; lastKnownFileType = sourcecode.swift; path = ReceiptReader.swift; sourceTree = "<group>"; };
		642935DC90E194281A50CADA /* WebNotice.swift */ = {isa = PBXFileReference; lastKnownFileType = sourcecode.swift; path = WebNotice.swift; sourceTree = "<group>"; };
		653B6CF4F49DF70FF504E6F3 /* QuickFormView.swift */ = {isa = PBXFileReference; lastKnownFileType = sourcecode.swift; path = QuickFormView.swift; sourceTree = "<group>"; };
		6774C507B6041317CE6EC6BF /* RecordManualExpenseIntent.swift */ = {isa = PBXFileReference; lastKnownFileType = sourcecode.swift; path = RecordManualExpenseIntent.swift; sourceTree = "<group>"; };
		68CBE1CBAC46B0C8D8A52AD2 /* Brand.swift */ = {isa = PBXFileReference; lastKnownFileType = sourcecode.swift; path = Brand.swift; sourceTree = "<group>"; };
		6FFBF7AFB2F9C0A4EEC1A353 /* MoreView.swift */ = {isa = PBXFileReference; lastKnownFileType = sourcecode.swift; path = MoreView.swift; sourceTree = "<group>"; };
		75F83D6C19654DCD07B9D25C /* CaptureBody.swift */ = {isa = PBXFileReference; lastKnownFileType = sourcecode.swift; path = CaptureBody.swift; sourceTree = "<group>"; };
		76A47B8C65B259DEDD251447 /* FakeTransport.swift */ = {isa = PBXFileReference; lastKnownFileType = sourcecode.swift; path = FakeTransport.swift; sourceTree = "<group>"; };
		773157935FB854769C75BCE3 /* StoredFormatTests.swift */ = {isa = PBXFileReference; lastKnownFileType = sourcecode.swift; path = StoredFormatTests.swift; sourceTree = "<group>"; };
		77413FCCD41A3C54F576B02F /* CameraPicker.swift */ = {isa = PBXFileReference; lastKnownFileType = sourcecode.swift; path = CameraPicker.swift; sourceTree = "<group>"; };
		77503AA24975DDAA8DD71310 /* QueuedCapturerTests.swift */ = {isa = PBXFileReference; lastKnownFileType = sourcecode.swift; path = QueuedCapturerTests.swift; sourceTree = "<group>"; };
		78F8F59C4088C39A6810345A /* RecordSMSExpenseIntent.swift */ = {isa = PBXFileReference; lastKnownFileType = sourcecode.swift; path = RecordSMSExpenseIntent.swift; sourceTree = "<group>"; };
		7CE6C140A2B614E35B944367 /* CaptureControl.swift */ = {isa = PBXFileReference; lastKnownFileType = sourcecode.swift; path = CaptureControl.swift; sourceTree = "<group>"; };
		80B802E50AA72743E5C69DA9 /* NotifierTests.swift */ = {isa = PBXFileReference; lastKnownFileType = sourcecode.swift; path = NotifierTests.swift; sourceTree = "<group>"; };
		825ED5D9A61E6D182758D700 /* ModuleContracts.swift */ = {isa = PBXFileReference; lastKnownFileType = sourcecode.swift; path = ModuleContracts.swift; sourceTree = "<group>"; };
		91415B05E92A019D4652C6C6 /* VisibleTextTests.swift */ = {isa = PBXFileReference; lastKnownFileType = sourcecode.swift; path = VisibleTextTests.swift; sourceTree = "<group>"; };
		915660679DF33FCEF58945E4 /* AmountField.swift */ = {isa = PBXFileReference; lastKnownFileType = sourcecode.swift; path = AmountField.swift; sourceTree = "<group>"; };
		924300175E6F8D5D5BB2E4D9 /* DiskQueueStore.swift */ = {isa = PBXFileReference; lastKnownFileType = sourcecode.swift; path = DiskQueueStore.swift; sourceTree = "<group>"; };
		93974CB4E08BEF655E37C4BE /* DependenciesTests.swift */ = {isa = PBXFileReference; lastKnownFileType = sourcecode.swift; path = DependenciesTests.swift; sourceTree = "<group>"; };
		9468E87006C29AED16D769EE /* Assets.xcassets */ = {isa = PBXFileReference; lastKnownFileType = folder.assetcatalog; path = Assets.xcassets; sourceTree = "<group>"; };
		97281822E99F1B52C92B4105 /* SystemKeychain.swift */ = {isa = PBXFileReference; lastKnownFileType = sourcecode.swift; path = SystemKeychain.swift; sourceTree = "<group>"; };
		9BFE535EEF29D63D2471F23C /* WebContainer.swift */ = {isa = PBXFileReference; lastKnownFileType = sourcecode.swift; path = WebContainer.swift; sourceTree = "<group>"; };
		9E0D65530BF35342EB89BDA7 /* ConceptSearchView.swift */ = {isa = PBXFileReference; lastKnownFileType = sourcecode.swift; path = ConceptSearchView.swift; sourceTree = "<group>"; };
		9F225BDF3E4FF473F32C0269 /* Coco.app */ = {isa = PBXFileReference; includeInIndex = 0; lastKnownFileType = wrapper.application; path = Coco.app; sourceTree = BUILT_PRODUCTS_DIR; };
		A0D90EDDA215DA395B9D51B2 /* SystemNotifier.swift */ = {isa = PBXFileReference; lastKnownFileType = sourcecode.swift; path = SystemNotifier.swift; sourceTree = "<group>"; };
		A13A0783ECDB59AE5AD01027 /* TreeSynchronizerTests.swift */ = {isa = PBXFileReference; lastKnownFileType = sourcecode.swift; path = TreeSynchronizerTests.swift; sourceTree = "<group>"; };
		A6BEFAE8B5657629B83F4053 /* CaptureQueueTypes.swift */ = {isa = PBXFileReference; lastKnownFileType = sourcecode.swift; path = CaptureQueueTypes.swift; sourceTree = "<group>"; };
		A9469312A2CBB61C891681A9 /* FormPrefill.swift */ = {isa = PBXFileReference; lastKnownFileType = sourcecode.swift; path = FormPrefill.swift; sourceTree = "<group>"; };
		AAAA3D7C13D7B0C6BE877364 /* LocalizationTests.swift */ = {isa = PBXFileReference; lastKnownFileType = sourcecode.swift; path = LocalizationTests.swift; sourceTree = "<group>"; };
		B19A396FB161C653B620DEE7 /* Info.plist */ = {isa = PBXFileReference; lastKnownFileType = text.plist; path = Info.plist; sourceTree = "<group>"; };
		B2C04CFB8AD8AC217A602F28 /* RecentConcepts.swift */ = {isa = PBXFileReference; lastKnownFileType = sourcecode.swift; path = RecentConcepts.swift; sourceTree = "<group>"; };
		B2CF523FA3F1F3F96673EBAB /* ExpiryReminderTests.swift */ = {isa = PBXFileReference; lastKnownFileType = sourcecode.swift; path = ExpiryReminderTests.swift; sourceTree = "<group>"; };
		B30410BA1D63906DE20EBE44 /* RetryTests.swift */ = {isa = PBXFileReference; lastKnownFileType = sourcecode.swift; path = RetryTests.swift; sourceTree = "<group>"; };
		B361C7764768B0695EA48CC7 /* RouterTests.swift */ = {isa = PBXFileReference; lastKnownFileType = sourcecode.swift; path = RouterTests.swift; sourceTree = "<group>"; };
		B4D0133AF66A900BEEF56E9D /* CocoApp.swift */ = {isa = PBXFileReference; lastKnownFileType = sourcecode.swift; path = CocoApp.swift; sourceTree = "<group>"; };
		B5359F859315D07556E0F682 /* PesoFormat.swift */ = {isa = PBXFileReference; lastKnownFileType = sourcecode.swift; path = PesoFormat.swift; sourceTree = "<group>"; };
		B77B72FE67425422B9305719 /* PendingCapture.swift */ = {isa = PBXFileReference; lastKnownFileType = sourcecode.swift; path = PendingCapture.swift; sourceTree = "<group>"; };
		B7EFC36FF7A7EFFA5516704B /* APIKeysTests.swift */ = {isa = PBXFileReference; lastKnownFileType = sourcecode.swift; path = APIKeysTests.swift; sourceTree = "<group>"; };
		B806B5DA8157C161C78060F2 /* QueueAndBridgeDoubles.swift */ = {isa = PBXFileReference; lastKnownFileType = sourcecode.swift; path = QueueAndBridgeDoubles.swift; sourceTree = "<group>"; };
		BACED66587F05196C68E4B1C /* Localizable.xcstrings */ = {isa = PBXFileReference; lastKnownFileType = text.json.xcstrings; path = Localizable.xcstrings; sourceTree = "<group>"; };
		BC4D10E3358AE31BDD8F71CD /* APIProblemTests.swift */ = {isa = PBXFileReference; lastKnownFileType = sourcecode.swift; path = APIProblemTests.swift; sourceTree = "<group>"; };
		BC6978EF7B0A44DA25CFD7C0 /* TreeSynchronizer.swift */ = {isa = PBXFileReference; lastKnownFileType = sourcecode.swift; path = TreeSynchronizer.swift; sourceTree = "<group>"; };
		BD80CC81D83FEEA585B70833 /* RootView.swift */ = {isa = PBXFileReference; lastKnownFileType = sourcecode.swift; path = RootView.swift; sourceTree = "<group>"; };
		C1FC2F7C15DA23E7CAC29ED0 /* URLSessionTransport.swift */ = {isa = PBXFileReference; lastKnownFileType = sourcecode.swift; path = URLSessionTransport.swift; sourceTree = "<group>"; };
		C3E1FE7957A2B77147298A8F /* APICaptureSender.swift */ = {isa = PBXFileReference; lastKnownFileType = sourcecode.swift; path = APICaptureSender.swift; sourceTree = "<group>"; };
		C51E91A279C655F3E6CE36F8 /* FormModelTests.swift */ = {isa = PBXFileReference; lastKnownFileType = sourcecode.swift; path = FormModelTests.swift; sourceTree = "<group>"; };
		C7102D2F20CE2941A672E2E8 /* BootScript.swift */ = {isa = PBXFileReference; lastKnownFileType = sourcecode.swift; path = BootScript.swift; sourceTree = "<group>"; };
		C8D8A13B1F331BAD8AE12C58 /* L10n.swift */ = {isa = PBXFileReference; lastKnownFileType = sourcecode.swift; path = L10n.swift; sourceTree = "<group>"; };
		C978F01CDEB7D246EC83121C /* Retry.swift */ = {isa = PBXFileReference; lastKnownFileType = sourcecode.swift; path = Retry.swift; sourceTree = "<group>"; };
		CA139D2FC75A13B985FD4B3E /* OpenCaptureIntent.swift */ = {isa = PBXFileReference; lastKnownFileType = sourcecode.swift; path = OpenCaptureIntent.swift; sourceTree = "<group>"; };
		CF95E60329279E90349F8408 /* AutomationStepsTests.swift */ = {isa = PBXFileReference; lastKnownFileType = sourcecode.swift; path = AutomationStepsTests.swift; sourceTree = "<group>"; };
		D0C466CEBDF260C5C0C72AB1 /* ReceiptReaderTests.swift */ = {isa = PBXFileReference; lastKnownFileType = sourcecode.swift; path = ReceiptReaderTests.swift; sourceTree = "<group>"; };
		D11158333E4329B6BCD0E94F /* Localizable.xcstrings */ = {isa = PBXFileReference; lastKnownFileType = text.json.xcstrings; path = Localizable.xcstrings; sourceTree = "<group>"; };
		D2C3817EA94CD5579E4EED19 /* ProvisioningProfileReader.swift */ = {isa = PBXFileReference; lastKnownFileType = sourcecode.swift; path = ProvisioningProfileReader.swift; sourceTree = "<group>"; };
		D58A78C4BAC8FB1DDC57D623 /* Signing.xcconfig */ = {isa = PBXFileReference; lastKnownFileType = text.xcconfig; path = Signing.xcconfig; sourceTree = "<group>"; };
		D639CEFF0AD41E300D55F3C6 /* WebViewRepresentable.swift */ = {isa = PBXFileReference; lastKnownFileType = sourcecode.swift; path = WebViewRepresentable.swift; sourceTree = "<group>"; };
		D6B01BE57D8A102FDA0AB5E8 /* CocoShortcuts.swift */ = {isa = PBXFileReference; lastKnownFileType = sourcecode.swift; path = CocoShortcuts.swift; sourceTree = "<group>"; };
		D8EB5F5213621997BFA7F2B6 /* CaptureQueueTests.swift */ = {isa = PBXFileReference; lastKnownFileType = sourcecode.swift; path = CaptureQueueTests.swift; sourceTree = "<group>"; };
		D9D1D49FFB7CB8355EB7676E /* ExpiryReminder.swift */ = {isa = PBXFileReference; lastKnownFileType = sourcecode.swift; path = ExpiryReminder.swift; sourceTree = "<group>"; };
		DC2EAC81398DCD5D25C65475 /* RecordWalletExpenseIntent.swift */ = {isa = PBXFileReference; lastKnownFileType = sourcecode.swift; path = RecordWalletExpenseIntent.swift; sourceTree = "<group>"; };
		DD419A3ACB375FD8F79D08AD /* WelcomeView.swift */ = {isa = PBXFileReference; lastKnownFileType = sourcecode.swift; path = WelcomeView.swift; sourceTree = "<group>"; };
		DFEF0FBE45C09F00E1E0A512 /* CaptureWidget.swift */ = {isa = PBXFileReference; lastKnownFileType = sourcecode.swift; path = CaptureWidget.swift; sourceTree = "<group>"; };
		E0FA84CB1184EC0B16FCEF4D /* L10n.swift */ = {isa = PBXFileReference; lastKnownFileType = sourcecode.swift; path = L10n.swift; sourceTree = "<group>"; };
		E1675FC859C6DF3961CBDA06 /* CaptureQueue.swift */ = {isa = PBXFileReference; lastKnownFileType = sourcecode.swift; path = CaptureQueue.swift; sourceTree = "<group>"; };
		E78E225288920CDE52F16428 /* BogotaDate.swift */ = {isa = PBXFileReference; lastKnownFileType = sourcecode.swift; path = BogotaDate.swift; sourceTree = "<group>"; };
		E8F96A0B6B7EE546FF7C0EF9 /* BackgroundJobs.swift */ = {isa = PBXFileReference; lastKnownFileType = sourcecode.swift; path = BackgroundJobs.swift; sourceTree = "<group>"; };
		E9DEFB3384D9725D4BAC2627 /* SavedTree.swift */ = {isa = PBXFileReference; lastKnownFileType = sourcecode.swift; path = SavedTree.swift; sourceTree = "<group>"; };
		EBCFE6E25CAB5299893B8D91 /* RecentConceptsTests.swift */ = {isa = PBXFileReference; lastKnownFileType = sourcecode.swift; path = RecentConceptsTests.swift; sourceTree = "<group>"; };
		EDA9D85BBF9EA5B87A99D88B /* Info.plist */ = {isa = PBXFileReference; lastKnownFileType = text.plist; path = Info.plist; sourceTree = "<group>"; };
		EE34F1C20582837A22FE67FB /* OfflineView.swift */ = {isa = PBXFileReference; lastKnownFileType = sourcecode.swift; path = OfflineView.swift; sourceTree = "<group>"; };
		EEFA1C21AE7912DB07C6E679 /* ProvisioningProfileReaderTests.swift */ = {isa = PBXFileReference; lastKnownFileType = sourcecode.swift; path = ProvisioningProfileReaderTests.swift; sourceTree = "<group>"; };
		F0ACD17846C706817941AA82 /* .swiftlint.yml */ = {isa = PBXFileReference; lastKnownFileType = text.yaml; path = .swiftlint.yml; sourceTree = "<group>"; };
		FEE6BC15F79C0454FD2820FD /* CapturesView.swift */ = {isa = PBXFileReference; lastKnownFileType = sourcecode.swift; path = CapturesView.swift; sourceTree = "<group>"; };
/* End PBXFileReference section */

/* Begin PBXGroup section */
		04410A18809E0ECCBEEA4E90 /* App */ = {
			isa = PBXGroup;
			children = (
				B4D0133AF66A900BEEF56E9D /* CocoApp.swift */,
				47395B744D1F08448D560968 /* Dependencies.swift */,
				BD80CC81D83FEEA585B70833 /* RootView.swift */,
				53609F34683229D2EAFFF378 /* Router.swift */,
			);
			path = App;
			sourceTree = "<group>";
		};
		058585A532DEC1D51958615D /* Reminders */ = {
			isa = PBXGroup;
			children = (
				D9D1D49FFB7CB8355EB7676E /* ExpiryReminder.swift */,
				D2C3817EA94CD5579E4EED19 /* ProvisioningProfileReader.swift */,
				A0D90EDDA215DA395B9D51B2 /* SystemNotifier.swift */,
			);
			path = Reminders;
			sourceTree = "<group>";
		};
		070239C53EA80384604F10E6 /* Background */ = {
			isa = PBXGroup;
			children = (
				E8F96A0B6B7EE546FF7C0EF9 /* BackgroundJobs.swift */,
			);
			path = Background;
			sourceTree = "<group>";
		};
		0A3564506AE3F87C856960A9 /* Settings */ = {
			isa = PBXGroup;
			children = (
				6FFBF7AFB2F9C0A4EEC1A353 /* MoreView.swift */,
				1745B5733C5D7A9069B7CDB4 /* SettingsView.swift */,
			);
			path = Settings;
			sourceTree = "<group>";
		};
		0B0EFF531B1BE2BE9A210950 /* Session */ = {
			isa = PBXGroup;
			children = (
				2AEFDC8072270CCFE334E840 /* NativeSessionTests.swift */,
			);
			path = Session;
			sourceTree = "<group>";
		};
		12657065CA56C331C235006B /* Shortcuts */ = {
			isa = PBXGroup;
			children = (
				264BC8DABB35A978568CC557 /* ActionParametersTests.swift */,
			);
			path = Shortcuts;
			sourceTree = "<group>";
		};
		185FE6C5AB99F0C7A36E17E4 = {
			isa = PBXGroup;
			children = (
				3423C58EE4B3FCF48740BCCD /* Coco */,
				29BC9B9355F404DBED7DD910 /* CocoWidgets */,
				8D723F0B6727D5944C49D11D /* Coco */,
				8BECFDAD0CE5B9C46922B46C /* CocoTests */,
				534E98CDDC90CC61722FA06F /* CocoWidgets */,
				EBFE689410DE4DBF51234516 /* ios */,
				450CE771A0D8CF43D825C8F1 /* Products */,
			);
			sourceTree = "<group>";
		};
		19FFCFF031D7514F63F5F4CF /* Core */ = {
			isa = PBXGroup;
			children = (
				070239C53EA80384604F10E6 /* Background */,
				A608433059129EF4FE2EA468 /* Domain */,
				50C4B70E9DD566198302F111 /* Keychain */,
				5F0B74D13AE49F69A948ECF3 /* Logging */,
				AB01DD7AD4BE576035D80BBD /* Networking */,
				5C223A649F369FA080EA7FED /* Storage */,
			);
			path = Core;
			sourceTree = "<group>";
		};
		1C3DC0EFCC64903E907E219A /* Support */ = {
			isa = PBXGroup;
			children = (
				76A47B8C65B259DEDD251447 /* FakeTransport.swift */,
				28054FC61CE3988B8459BD59 /* InMemoryKeychain.swift */,
				420D6CBE72F157677A6135A7 /* localization-baseline.json */,
				B806B5DA8157C161C78060F2 /* QueueAndBridgeDoubles.swift */,
			);
			path = Support;
			sourceTree = "<group>";
		};
		1D1D32D75930E486477AA5B0 /* Networking */ = {
			isa = PBXGroup;
			children = (
				1FAAF800C70E03DEC7A66907 /* APIClientTests.swift */,
				42834034F75392E6AFBCCECD /* APIConfigurationTests.swift */,
				B7EFC36FF7A7EFFA5516704B /* APIKeysTests.swift */,
				BC4D10E3358AE31BDD8F71CD /* APIProblemTests.swift */,
				489506EC410585871B539295 /* ContractsTests.swift */,
				003B22F41D247192E9875A85 /* RequestBuilderTests.swift */,
			);
			path = Networking;
			sourceTree = "<group>";
		};
		1DE1257146A8A1B86127860B /* Web */ = {
			isa = PBXGroup;
			children = (
				4721E0E6A5267CFC6E8D2BD2 /* WebBridgeTests.swift */,
			);
			path = Web;
			sourceTree = "<group>";
		};
		388D12A09A3E1797334367AA /* Features */ = {
			isa = PBXGroup;
			children = (
				DF53899792134D32601E107A /* Capture */,
				C901E5EE3EE95F526CE22C60 /* CategoryTree */,
				7DA72FCB00474AC4AF3B9FB6 /* Onboarding */,
				61F237C45C721FD3043FB558 /* Reminders */,
				0B0EFF531B1BE2BE9A210950 /* Session */,
				12657065CA56C331C235006B /* Shortcuts */,
				1DE1257146A8A1B86127860B /* Web */,
			);
			path = Features;
			sourceTree = "<group>";
		};
		415F3877A5CC1039ABC60C04 /* Features */ = {
			isa = PBXGroup;
			children = (
				8E812AB0BEE27068411CE1C5 /* Capture */,
				6F02F8A8B10624C81B319A7E /* CategoryTree */,
				DAF235243AA5CC8229062918 /* Onboarding */,
				058585A532DEC1D51958615D /* Reminders */,
				62A3B3B4A5153E86395B09F2 /* Session */,
				0A3564506AE3F87C856960A9 /* Settings */,
				9BECEE66265DEBF4881D0675 /* Shortcuts */,
				6497F6494EC46EB3BEEADF52 /* Web */,
			);
			path = Features;
			sourceTree = "<group>";
		};
		43E75854F048F8757B981401 /* Core */ = {
			isa = PBXGroup;
			children = (
				67215A0B717D715F74136E62 /* Background */,
				69E980AF54A87D9B5CCEA161 /* Domain */,
				1D1D32D75930E486477AA5B0 /* Networking */,
				A8E96C4CC74636E329C3CA03 /* Storage */,
			);
			path = Core;
			sourceTree = "<group>";
		};
		450CE771A0D8CF43D825C8F1 /* Products */ = {
			isa = PBXGroup;
			children = (
				9F225BDF3E4FF473F32C0269 /* Coco.app */,
				613FE392E47C1E93961251B2 /* CocoTests.xctest */,
				0FBDF72F09E4F0AB6A7340AE /* CocoWidgets.appex */,
			);
			name = Products;
			sourceTree = "<group>";
		};
		50C4B70E9DD566198302F111 /* Keychain */ = {
			isa = PBXGroup;
			children = (
				1E21F953E9125CE1FAF0DAA4 /* KeychainStore.swift */,
				97281822E99F1B52C92B4105 /* SystemKeychain.swift */,
			);
			path = Keychain;
			sourceTree = "<group>";
		};
		534E98CDDC90CC61722FA06F /* CocoWidgets */ = {
			isa = PBXGroup;
			children = (
				9468E87006C29AED16D769EE /* Assets.xcassets */,
				7CE6C140A2B614E35B944367 /* CaptureControl.swift */,
				DFEF0FBE45C09F00E1E0A512 /* CaptureWidget.swift */,
				5B0675F8273490FF4136BFE3 /* CocoWidgets.swift */,
				EDA9D85BBF9EA5B87A99D88B /* Info.plist */,
				C8D8A13B1F331BAD8AE12C58 /* L10n.swift */,
				D11158333E4329B6BCD0E94F /* Localizable.xcstrings */,
				CA139D2FC75A13B985FD4B3E /* OpenCaptureIntent.swift */,
			);
			path = CocoWidgets;
			sourceTree = "<group>";
		};
		5C223A649F369FA080EA7FED /* Storage */ = {
			isa = PBXGroup;
			children = (
				924300175E6F8D5D5BB2E4D9 /* DiskQueueStore.swift */,
				29228ACE802B129A82FA741B /* DiskTreeStore.swift */,
			);
			path = Storage;
			sourceTree = "<group>";
		};
		5E0B31AEA99CA0FD3B1821C6 /* App */ = {
			isa = PBXGroup;
			children = (
				93974CB4E08BEF655E37C4BE /* DependenciesTests.swift */,
				AAAA3D7C13D7B0C6BE877364 /* LocalizationTests.swift */,
				B361C7764768B0695EA48CC7 /* RouterTests.swift */,
				91415B05E92A019D4652C6C6 /* VisibleTextTests.swift */,
			);
			path = App;
			sourceTree = "<group>";
		};
		5F0B74D13AE49F69A948ECF3 /* Logging */ = {
			isa = PBXGroup;
			children = (
				4C7F1FA462E25502E754C092 /* AppLog.swift */,
			);
			path = Logging;
			sourceTree = "<group>";
		};
		61F237C45C721FD3043FB558 /* Reminders */ = {
			isa = PBXGroup;
			children = (
				B2CF523FA3F1F3F96673EBAB /* ExpiryReminderTests.swift */,
				80B802E50AA72743E5C69DA9 /* NotifierTests.swift */,
				EEFA1C21AE7912DB07C6E679 /* ProvisioningProfileReaderTests.swift */,
			);
			path = Reminders;
			sourceTree = "<group>";
		};
		62A3B3B4A5153E86395B09F2 /* Session */ = {
			isa = PBXGroup;
			children = (
				29922A13072CEF1A51806DAE /* NativeSession.swift */,
				387FA9E04CEB13F27DFC16D9 /* SignInView.swift */,
			);
			path = Session;
			sourceTree = "<group>";
		};
		6497F6494EC46EB3BEEADF52 /* Web */ = {
			isa = PBXGroup;
			children = (
				C7102D2F20CE2941A672E2E8 /* BootScript.swift */,
				4A96B0205B1EA1163A88D39F /* WebBridge.swift */,
				9BFE535EEF29D63D2471F23C /* WebContainer.swift */,
				642935DC90E194281A50CADA /* WebNotice.swift */,
				D639CEFF0AD41E300D55F3C6 /* WebViewRepresentable.swift */,
			);
			path = Web;
			sourceTree = "<group>";
		};
		67215A0B717D715F74136E62 /* Background */ = {
			isa = PBXGroup;
			children = (
				38661AD2B5DF82F68944211D /* BackgroundJobsTests.swift */,
			);
			path = Background;
			sourceTree = "<group>";
		};
		69E980AF54A87D9B5CCEA161 /* Domain */ = {
			isa = PBXGroup;
			children = (
				4B02AC6FAC7C0580E73AAB51 /* AmountParserTests.swift */,
			);
			path = Domain;
			sourceTree = "<group>";
		};
		6F02F8A8B10624C81B319A7E /* CategoryTree */ = {
			isa = PBXGroup;
			children = (
				E9DEFB3384D9725D4BAC2627 /* SavedTree.swift */,
				238939DA2AF6340EC2F6C48B /* TreeIndex.swift */,
				BC6978EF7B0A44DA25CFD7C0 /* TreeSynchronizer.swift */,
			);
			path = CategoryTree;
			sourceTree = "<group>";
		};
		7DA72FCB00474AC4AF3B9FB6 /* Onboarding */ = {
			isa = PBXGroup;
			children = (
				CF95E60329279E90349F8408 /* AutomationStepsTests.swift */,
			);
			path = Onboarding;
			sourceTree = "<group>";
		};
		8BECFDAD0CE5B9C46922B46C /* CocoTests */ = {
			isa = PBXGroup;
			children = (
				F0ACD17846C706817941AA82 /* .swiftlint.yml */,
				38F156B4797596158DB71D3B /* Info.plist */,
				5E0B31AEA99CA0FD3B1821C6 /* App */,
				43E75854F048F8757B981401 /* Core */,
				388D12A09A3E1797334367AA /* Features */,
				BC6696FE982D428B902A24F9 /* Shared */,
				1C3DC0EFCC64903E907E219A /* Support */,
			);
			path = CocoTests;
			sourceTree = "<group>";
		};
		8D723F0B6727D5944C49D11D /* Coco */ = {
			isa = PBXGroup;
			children = (
				04410A18809E0ECCBEEA4E90 /* App */,
				19FFCFF031D7514F63F5F4CF /* Core */,
				415F3877A5CC1039ABC60C04 /* Features */,
				C01F628CB17FBB2ED59E351C /* Resources */,
				D21D22E3EB66C87822CF953A /* Shared */,
			);
			path = Coco;
			sourceTree = "<group>";
		};
		8E812AB0BEE27068411CE1C5 /* Capture */ = {
			isa = PBXGroup;
			children = (
				915660679DF33FCEF58945E4 /* AmountField.swift */,
				77413FCCD41A3C54F576B02F /* CameraPicker.swift */,
				FEE6BC15F79C0454FD2820FD /* CapturesView.swift */,
				9E0D65530BF35342EB89BDA7 /* ConceptSearchView.swift */,
				07B8AF7C79DB1B5AE04C0869 /* FormModel.swift */,
				A9469312A2CBB61C891681A9 /* FormPrefill.swift */,
				61923B907660C19074AF015C /* PhotoShrinker.swift */,
				653B6CF4F49DF70FF504E6F3 /* QuickFormView.swift */,
				62F336F12F2B0C64149CDD7C /* ReceiptReader.swift */,
				B2C04CFB8AD8AC217A602F28 /* RecentConcepts.swift */,
				F5A1B2E1E54FF45E9F0E07EB /* Queue */,
			);
			path = Capture;
			sourceTree = "<group>";
		};
		9BECEE66265DEBF4881D0675 /* Shortcuts */ = {
			isa = PBXGroup;
			children = (
				3D8E005ACFB7809CC1DECF0A /* ActionParameters.swift */,
				D6B01BE57D8A102FDA0AB5E8 /* CocoShortcuts.swift */,
				01553A9D18B559B9EFCC46C9 /* IntentDependencies.swift */,
				6774C507B6041317CE6EC6BF /* RecordManualExpenseIntent.swift */,
				78F8F59C4088C39A6810345A /* RecordSMSExpenseIntent.swift */,
				DC2EAC81398DCD5D25C65475 /* RecordWalletExpenseIntent.swift */,
			);
			path = Shortcuts;
			sourceTree = "<group>";
		};
		A608433059129EF4FE2EA468 /* Domain */ = {
			isa = PBXGroup;
			children = (
				2906F1B8212FF0E07DE9092F /* AmountParser.swift */,
				75F83D6C19654DCD07B9D25C /* CaptureBody.swift */,
				825ED5D9A61E6D182758D700 /* ModuleContracts.swift */,
			);
			path = Domain;
			sourceTree = "<group>";
		};
		A8E96C4CC74636E329C3CA03 /* Storage */ = {
			isa = PBXGroup;
			children = (
				773157935FB854769C75BCE3 /* StoredFormatTests.swift */,
			);
			path = Storage;
			sourceTree = "<group>";
		};
		AB01DD7AD4BE576035D80BBD /* Networking */ = {
			isa = PBXGroup;
			children = (
				37C0BEF1ED7121E51B04BB7B /* APIClient.swift */,
				04F1612437D1DA4FA9D28565 /* APIConfiguration.swift */,
				2CB49D061F15944E6E368882 /* APIContracts.swift */,
				29F20F6CD1C7FE7B3A0F947E /* APIError.swift */,
				308B30BE7F4D40FC62629361 /* APIProblem.swift */,
				09250FF22D88BA4D5D0F2CFE /* APIRequest.swift */,
				59D8395C533BDEE106462A62 /* Connectivity.swift */,
				C1FC2F7C15DA23E7CAC29ED0 /* URLSessionTransport.swift */,
			);
			path = Networking;
			sourceTree = "<group>";
		};
		BC6696FE982D428B902A24F9 /* Shared */ = {
			isa = PBXGroup;
			children = (
				04B1A99864765699E672B0CD /* BogotaDateTests.swift */,
			);
			path = Shared;
			sourceTree = "<group>";
		};
		C01F628CB17FBB2ED59E351C /* Resources */ = {
			isa = PBXGroup;
			children = (
				264EF24D021A7523F1BAA85D /* Assets.xcassets */,
				B19A396FB161C653B620DEE7 /* Info.plist */,
				BACED66587F05196C68E4B1C /* Localizable.xcstrings */,
			);
			path = Resources;
			sourceTree = "<group>";
		};
		C901E5EE3EE95F526CE22C60 /* CategoryTree */ = {
			isa = PBXGroup;
			children = (
				2E66AFAA1C9EE7274E83CD3D /* TreeIndexTests.swift */,
				A13A0783ECDB59AE5AD01027 /* TreeSynchronizerTests.swift */,
			);
			path = CategoryTree;
			sourceTree = "<group>";
		};
		D21D22E3EB66C87822CF953A /* Shared */ = {
			isa = PBXGroup;
			children = (
				E78E225288920CDE52F16428 /* BogotaDate.swift */,
				68CBE1CBAC46B0C8D8A52AD2 /* Brand.swift */,
				E0FA84CB1184EC0B16FCEF4D /* L10n.swift */,
				EE34F1C20582837A22FE67FB /* OfflineView.swift */,
				B5359F859315D07556E0F682 /* PesoFormat.swift */,
			);
			path = Shared;
			sourceTree = "<group>";
		};
		DAF235243AA5CC8229062918 /* Onboarding */ = {
			isa = PBXGroup;
			children = (
				258C6951BDEDD5E9726AF49C /* AutomationSteps.swift */,
				DD419A3ACB375FD8F79D08AD /* WelcomeView.swift */,
			);
			path = Onboarding;
			sourceTree = "<group>";
		};
		DF53899792134D32601E107A /* Capture */ = {
			isa = PBXGroup;
			children = (
				1BE016534A5A278F893AE32B /* CaptureQueueHardeningTests.swift */,
				5A77C82815B333D5A2B0A286 /* CaptureQueueProblemTests.swift */,
				D8EB5F5213621997BFA7F2B6 /* CaptureQueueTests.swift */,
				C51E91A279C655F3E6CE36F8 /* FormModelTests.swift */,
				57A0D91C163D434FDF59F666 /* FormPrefillTests.swift */,
				00CBA784B1BE15457C4A62FB /* PhotoShrinkerTests.swift */,
				77503AA24975DDAA8DD71310 /* QueuedCapturerTests.swift */,
				D0C466CEBDF260C5C0C72AB1 /* ReceiptReaderTests.swift */,
				EBCFE6E25CAB5299893B8D91 /* RecentConceptsTests.swift */,
				B30410BA1D63906DE20EBE44 /* RetryTests.swift */,
			);
			path = Capture;
			sourceTree = "<group>";
		};
		EBFE689410DE4DBF51234516 /* ios */ = {
			isa = PBXGroup;
			children = (
				D58A78C4BAC8FB1DDC57D623 /* Signing.xcconfig */,
			);
			name = ios;
			path = .;
			sourceTree = "<group>";
		};
		F5A1B2E1E54FF45E9F0E07EB /* Queue */ = {
			isa = PBXGroup;
			children = (
				C3E1FE7957A2B77147298A8F /* APICaptureSender.swift */,
				E1675FC859C6DF3961CBDA06 /* CaptureQueue.swift */,
				5DA627BAFFB2CBFD0F241FBD /* CaptureQueue+Actions.swift */,
				A6BEFAE8B5657629B83F4053 /* CaptureQueueTypes.swift */,
				B77B72FE67425422B9305719 /* PendingCapture.swift */,
				3EA97FF867EB36BD11C15F7C /* PhotoReducer.swift */,
				0AE9EF53D73B6721E4DEF6C8 /* QueuedCapturer.swift */,
				C978F01CDEB7D246EC83121C /* Retry.swift */,
			);
			path = Queue;
			sourceTree = "<group>";
		};
/* End PBXGroup section */

/* Begin PBXNativeTarget section */
		29C15BB4BC5D4096459D4C94 /* CocoWidgets */ = {
			isa = PBXNativeTarget;
			buildConfigurationList = 8AD552A944C090B1F128F2B1 /* Build configuration list for PBXNativeTarget "CocoWidgets" */;
			buildPhases = (
				A3BEC4C6E4CB781AE805E611 /* Sources */,
				73127DA55D2A7F7E429D487C /* Resources */,
			);
			buildRules = (
			);
			dependencies = (
			);
			name = CocoWidgets;
			packageProductDependencies = (
			);
			productName = CocoWidgets;
			productReference = 0FBDF72F09E4F0AB6A7340AE /* CocoWidgets.appex */;
			productType = "com.apple.product-type.app-extension";
		};
		8CF9A98BC12B06C8627E4E12 /* CocoTests */ = {
			isa = PBXNativeTarget;
			buildConfigurationList = 4EF1F111FB2E0F2B390D928F /* Build configuration list for PBXNativeTarget "CocoTests" */;
			buildPhases = (
				C2A224BB7D7C183981AFC0B8 /* Sources */,
				973F0212950A226621D9B6C9 /* Resources */,
			);
			buildRules = (
			);
			dependencies = (
				2708C8FD67AA3D70AC6D851E /* PBXTargetDependency */,
			);
			name = CocoTests;
			packageProductDependencies = (
			);
			productName = CocoTests;
			productReference = 613FE392E47C1E93961251B2 /* CocoTests.xctest */;
			productType = "com.apple.product-type.bundle.unit-test";
		};
		B588E7156C73FE1C437FB70B /* Coco */ = {
			isa = PBXNativeTarget;
			buildConfigurationList = 4D6CCD1A780F9D5C99B69C89 /* Build configuration list for PBXNativeTarget "Coco" */;
			buildPhases = (
				B179DCAA7BA4997969A3AE3D /* Sources */,
				D767F303C1F12856FF540A94 /* Resources */,
				D93091C122DDDACB6559FD1C /* Embed Foundation Extensions */,
			);
			buildRules = (
			);
			dependencies = (
				641777356CBDEED3E7BF3675 /* PBXTargetDependency */,
			);
			name = Coco;
			packageProductDependencies = (
			);
			productName = Coco;
			productReference = 9F225BDF3E4FF473F32C0269 /* Coco.app */;
			productType = "com.apple.product-type.application";
		};
/* End PBXNativeTarget section */

/* Begin PBXProject section */
		494DAA59E0F4BE1556ACEB87 /* Project object */ = {
			isa = PBXProject;
			attributes = {
				BuildIndependentTargetsInParallel = YES;
				LastUpgradeCheck = 1600;
				TargetAttributes = {
					29C15BB4BC5D4096459D4C94 = {
						ProvisioningStyle = Automatic;
					};
					8CF9A98BC12B06C8627E4E12 = {
						ProvisioningStyle = Automatic;
					};
					B588E7156C73FE1C437FB70B = {
						ProvisioningStyle = Automatic;
					};
				};
			};
			buildConfigurationList = 48776C031DC1DF4EB6FB858B /* Build configuration list for PBXProject "Coco" */;
			developmentRegion = es;
			hasScannedForEncodings = 0;
			knownRegions = (
				Base,
				es,
			);
			mainGroup = 185FE6C5AB99F0C7A36E17E4;
			minimizedProjectReferenceProxies = 1;
			preferredProjectObjectVersion = 77;
			productRefGroup = 450CE771A0D8CF43D825C8F1 /* Products */;
			projectDirPath = "";
			projectRoot = "";
			targets = (
				B588E7156C73FE1C437FB70B /* Coco */,
				29C15BB4BC5D4096459D4C94 /* CocoWidgets */,
				8CF9A98BC12B06C8627E4E12 /* CocoTests */,
			);
		};
/* End PBXProject section */

/* Begin PBXResourcesBuildPhase section */
		73127DA55D2A7F7E429D487C /* Resources */ = {
			isa = PBXResourcesBuildPhase;
			buildActionMask = 2147483647;
			files = (
				97E028329399CE97AE9688B3 /* Assets.xcassets in Resources */,
				B315A3442FA215767C36C5BB /* Localizable.xcstrings in Resources */,
			);
			runOnlyForDeploymentPostprocessing = 0;
		};
		973F0212950A226621D9B6C9 /* Resources */ = {
			isa = PBXResourcesBuildPhase;
			buildActionMask = 2147483647;
			files = (
				5D7D728F1F8B75E906A05432 /* .swiftlint.yml in Resources */,
				98B8050E56B05FB8AAF9958A /* Coco in Resources */,
				9A8160EB5D5ED8257618FBA8 /* CocoWidgets in Resources */,
				3EA0B15493CCFA5BA75C9B22 /* localization-baseline.json in Resources */,
			);
			runOnlyForDeploymentPostprocessing = 0;
		};
		D767F303C1F12856FF540A94 /* Resources */ = {
			isa = PBXResourcesBuildPhase;
			buildActionMask = 2147483647;
			files = (
				271056A643B6FBC3D9ED370B /* Assets.xcassets in Resources */,
				6BB4C96B30910AA1D84D6F4B /* Localizable.xcstrings in Resources */,
			);
			runOnlyForDeploymentPostprocessing = 0;
		};
/* End PBXResourcesBuildPhase section */

/* Begin PBXSourcesBuildPhase section */
		A3BEC4C6E4CB781AE805E611 /* Sources */ = {
			isa = PBXSourcesBuildPhase;
			buildActionMask = 2147483647;
			files = (
				9F79F0978FDBFEDC710719B0 /* CaptureControl.swift in Sources */,
				310D5C30F4EBD0735800AC41 /* CaptureWidget.swift in Sources */,
				CD99FE1B99DA1494DCADD7FA /* CocoWidgets.swift in Sources */,
				47E14158F240116524EF9E16 /* L10n.swift in Sources */,
				2C684E018C829CFA2BD6DC8C /* OpenCaptureIntent.swift in Sources */,
			);
			runOnlyForDeploymentPostprocessing = 0;
		};
		B179DCAA7BA4997969A3AE3D /* Sources */ = {
			isa = PBXSourcesBuildPhase;
			buildActionMask = 2147483647;
			files = (
				2FFCBE267F59B9CAB3ED0C53 /* APICaptureSender.swift in Sources */,
				C0E18FDD24BFEEFF53531143 /* APIClient.swift in Sources */,
				4C938974F5200F0763D5F354 /* APIConfiguration.swift in Sources */,
				AE00FC97E3691E7D0AEA6969 /* APIContracts.swift in Sources */,
				7B60C73AFDB60C9E6F077E8E /* APIError.swift in Sources */,
				E44C1BA9959B3DAEDD231432 /* APIProblem.swift in Sources */,
				95AAD6A3C4244CE1F7C45534 /* APIRequest.swift in Sources */,
				1E0DDF0B516E71239039F00B /* ActionParameters.swift in Sources */,
				BCC399DD2EA88B8C0AC28869 /* AmountField.swift in Sources */,
				2D810F2EBCA25CB7B57CCCA1 /* AmountParser.swift in Sources */,
				33194B9B10A2496505559985 /* AppLog.swift in Sources */,
				F6571693044CCD73B2E9C154 /* AutomationSteps.swift in Sources */,
				BD4A0AF410D3CC357C374372 /* BackgroundJobs.swift in Sources */,
				6A07309BD694D0A5271B3C39 /* BogotaDate.swift in Sources */,
				4194F06605736F23F29DF7A4 /* BootScript.swift in Sources */,
				43F88C103707804F06AAEBD1 /* Brand.swift in Sources */,
				78C1E55065760D376D999514 /* CameraPicker.swift in Sources */,
				8C6CB06BDA1DE65C579CF713 /* CaptureBody.swift in Sources */,
				2A555C4996AC8A370573D6D1 /* CaptureQueue+Actions.swift in Sources */,
				20C9EE52E1C35A2D78D2F024 /* CaptureQueue.swift in Sources */,
				0C2B4F0621D26DD34D9710BD /* CaptureQueueTypes.swift in Sources */,
				C53E54B7C6BCCC1C21B8D400 /* CapturesView.swift in Sources */,
				489776BDA37B607D5F8B369C /* CocoApp.swift in Sources */,
				888F2C202C7372688344ADD4 /* CocoShortcuts.swift in Sources */,
				F2D9191AD561B21E5C2A5ABA /* ConceptSearchView.swift in Sources */,
				E16CA0CB8FB3C6C8FC1D9801 /* Connectivity.swift in Sources */,
				84AA1A1742A5ACDEFAB85C39 /* Dependencies.swift in Sources */,
				D44A5970AD82474A35C0080E /* DiskQueueStore.swift in Sources */,
				B0403727CF32CA584B3D58F7 /* DiskTreeStore.swift in Sources */,
				87C9A92CE612BA1CCE850BF4 /* ExpiryReminder.swift in Sources */,
				427DBAB4B6E155D6C1C3B59E /* FormModel.swift in Sources */,
				361633EEAE9DE83B176705A7 /* FormPrefill.swift in Sources */,
				361ADE09C63F98719927C063 /* IntentDependencies.swift in Sources */,
				AEF0FBB1F219A8B2A206B2A0 /* KeychainStore.swift in Sources */,
				9F02F05B8FD4E68BF6A77473 /* L10n.swift in Sources */,
				C74B4DF50F0FD07F6EB6FA2E /* ModuleContracts.swift in Sources */,
				481E21D53110CC3A5CC13D65 /* MoreView.swift in Sources */,
				FAFD3FF7CB429E4B19D69FC2 /* NativeSession.swift in Sources */,
				AAEC61E5BD23FC37E0F6CA89 /* OfflineView.swift in Sources */,
				B6474B9E267BEDB0E8F9B1CD /* PendingCapture.swift in Sources */,
				33AD23F2621ECAE5AB8F8654 /* PesoFormat.swift in Sources */,
				403FE9C4087CFE0CD0898DAF /* PhotoReducer.swift in Sources */,
				8C6650AEC5A23261462027D7 /* PhotoShrinker.swift in Sources */,
				ED4E4EE7830104F308DD616B /* ProvisioningProfileReader.swift in Sources */,
				988C03EEE36344FB84A519D2 /* QueuedCapturer.swift in Sources */,
				008D821D7B37D367AB53309C /* QuickFormView.swift in Sources */,
				9F4EC06CB066FA5CE00B5009 /* ReceiptReader.swift in Sources */,
				D0CBDB44C44001A178C150DF /* RecentConcepts.swift in Sources */,
				A124B53A28AA262B4005BC3F /* RecordManualExpenseIntent.swift in Sources */,
				CCE533D45F0D59FE37CBBE03 /* RecordSMSExpenseIntent.swift in Sources */,
				923B3C0D5FE50DA9F53B6E1E /* RecordWalletExpenseIntent.swift in Sources */,
				0DD68DD45FB20B275D9394A9 /* Retry.swift in Sources */,
				238435F6B93F3F2938CF423B /* RootView.swift in Sources */,
				C1ADEF89C4461729C67B8036 /* Router.swift in Sources */,
				EA2FAAC74519205D55E0C52B /* SavedTree.swift in Sources */,
				DF8D77A38268FC16BADF0F5C /* SettingsView.swift in Sources */,
				F94E02A63B7E88EE50A2AF8F /* SignInView.swift in Sources */,
				9CAF7559AD948070E94BA92A /* SystemKeychain.swift in Sources */,
				28FA711DEF8E68A63AC20332 /* SystemNotifier.swift in Sources */,
				8D9A4F4F4F93FEDD4DF645D0 /* TreeIndex.swift in Sources */,
				77D03438D630964B73A92266 /* TreeSynchronizer.swift in Sources */,
				F80C853CDC5D923F07477A94 /* URLSessionTransport.swift in Sources */,
				24F68DDD11356EC9DCC0EC90 /* WebBridge.swift in Sources */,
				B5FD9F4F823F05E22E9E2A85 /* WebContainer.swift in Sources */,
				175576668AFB3006BDA8266C /* WebNotice.swift in Sources */,
				CADC7FBC40B1A2414D88EEC2 /* WebViewRepresentable.swift in Sources */,
				848A571F49235281631A86A8 /* WelcomeView.swift in Sources */,
			);
			runOnlyForDeploymentPostprocessing = 0;
		};
		C2A224BB7D7C183981AFC0B8 /* Sources */ = {
			isa = PBXSourcesBuildPhase;
			buildActionMask = 2147483647;
			files = (
				2BECD91DD4CCB5057901B433 /* APIClientTests.swift in Sources */,
				BB582DEA8CE42C92DB1092F4 /* APIConfigurationTests.swift in Sources */,
				282E53EFBD55F0907CDC8EB4 /* APIKeysTests.swift in Sources */,
				2F5226CCB9EEFBB72C4529EA /* APIProblemTests.swift in Sources */,
				5CB1DEBE0436AFFCF30B19FB /* ActionParametersTests.swift in Sources */,
				1B6E2732A0BB54038DC6C36C /* AmountParserTests.swift in Sources */,
				A3CC12982F4F25C6941650BB /* AutomationStepsTests.swift in Sources */,
				1827311C39E50CFDC9069C9D /* BackgroundJobsTests.swift in Sources */,
				47A6279BF24E0091BCE36AD6 /* BogotaDateTests.swift in Sources */,
				7270A3D364F7CB6F5EA337BF /* CaptureQueueHardeningTests.swift in Sources */,
				F3126926FDB384C8F7AE4A37 /* CaptureQueueProblemTests.swift in Sources */,
				22D6DEBF74A833EE5850B34C /* CaptureQueueTests.swift in Sources */,
				9059295174EAFBD072B50ABE /* ContractsTests.swift in Sources */,
				F6F4875B5810FC97D7A0404A /* DependenciesTests.swift in Sources */,
				893349527E0861D4B781E29F /* ExpiryReminderTests.swift in Sources */,
				32D282B36E0584F454D017DE /* FakeTransport.swift in Sources */,
				B59D2A2512AA684B7433F943 /* FormModelTests.swift in Sources */,
				01C62D6C0A6EF8EFDEDD3CCF /* FormPrefillTests.swift in Sources */,
				11775A5A75546491E6AB2258 /* InMemoryKeychain.swift in Sources */,
				E552A7344A9C2A6ACBE55A29 /* LocalizationTests.swift in Sources */,
				CB6E5F4D58ED1203E3E574D3 /* NativeSessionTests.swift in Sources */,
				1E8838C15E2F6E2CB0E0F356 /* NotifierTests.swift in Sources */,
				C94FD567BF55E06DE7EA854E /* PhotoShrinkerTests.swift in Sources */,
				5066E95654B8B9A89C36F843 /* ProvisioningProfileReaderTests.swift in Sources */,
				CB92B1F07358F4205A5708D6 /* QueueAndBridgeDoubles.swift in Sources */,
				7EC281240371559E03C61AED /* QueuedCapturerTests.swift in Sources */,
				43F1AB2196FA03982C398973 /* ReceiptReaderTests.swift in Sources */,
				C472664A848946BB3FE5463E /* RecentConceptsTests.swift in Sources */,
				7F0CD868919829CDD5C1B2E9 /* RequestBuilderTests.swift in Sources */,
				2D126B68C0A54E49EFD41411 /* RetryTests.swift in Sources */,
				27E571D6DC197F5B1580E4F3 /* RouterTests.swift in Sources */,
				D20DABA25F2C473B11259EF8 /* StoredFormatTests.swift in Sources */,
				5044526D44CA1519A93F5B8F /* TreeIndexTests.swift in Sources */,
				E0A9C25B8291CAE954D740D4 /* TreeSynchronizerTests.swift in Sources */,
				704BB8CB8B5207741A6C17F8 /* VisibleTextTests.swift in Sources */,
				3C462C8FA714A285B5B08C8C /* WebBridgeTests.swift in Sources */,
			);
			runOnlyForDeploymentPostprocessing = 0;
		};
/* End PBXSourcesBuildPhase section */

/* Begin PBXTargetDependency section */
		2708C8FD67AA3D70AC6D851E /* PBXTargetDependency */ = {
			isa = PBXTargetDependency;
			target = B588E7156C73FE1C437FB70B /* Coco */;
			targetProxy = 3989806950071705EEAB5432 /* PBXContainerItemProxy */;
		};
		641777356CBDEED3E7BF3675 /* PBXTargetDependency */ = {
			isa = PBXTargetDependency;
			target = 29C15BB4BC5D4096459D4C94 /* CocoWidgets */;
			targetProxy = F37E25E8AF8B84D0D1F0E68C /* PBXContainerItemProxy */;
		};
/* End PBXTargetDependency section */

/* Begin XCBuildConfiguration section */
		0A865815786959AC865A9DBB /* Release */ = {
			isa = XCBuildConfiguration;
			buildSettings = {
				BUNDLE_LOADER = "$(TEST_HOST)";
				INFOPLIST_FILE = CocoTests/Info.plist;
				LD_RUNPATH_SEARCH_PATHS = (
					"$(inherited)",
					"@executable_path/Frameworks",
					"@loader_path/Frameworks",
				);
				PRODUCT_BUNDLE_IDENTIFIER = co.loatech.coco.tests;
				SDKROOT = iphoneos;
				TARGETED_DEVICE_FAMILY = "1,2";
				TEST_HOST = "$(BUILT_PRODUCTS_DIR)/Coco.app/Coco";
			};
			name = Release;
		};
		19460309EB469192D39A7B6C /* Debug */ = {
			isa = XCBuildConfiguration;
			baseConfigurationReference = D58A78C4BAC8FB1DDC57D623 /* Signing.xcconfig */;
			buildSettings = {
				ALWAYS_SEARCH_USER_PATHS = NO;
				CLANG_ANALYZER_NONNULL = YES;
				CLANG_ANALYZER_NUMBER_OBJECT_CONVERSION = YES_AGGRESSIVE;
				CLANG_CXX_LANGUAGE_STANDARD = "gnu++14";
				CLANG_CXX_LIBRARY = "libc++";
				CLANG_ENABLE_MODULES = YES;
				CLANG_ENABLE_OBJC_ARC = YES;
				CLANG_ENABLE_OBJC_WEAK = YES;
				CLANG_WARN_BLOCK_CAPTURE_AUTORELEASING = YES;
				CLANG_WARN_BOOL_CONVERSION = YES;
				CLANG_WARN_COMMA = YES;
				CLANG_WARN_CONSTANT_CONVERSION = YES;
				CLANG_WARN_DEPRECATED_OBJC_IMPLEMENTATIONS = YES;
				CLANG_WARN_DIRECT_OBJC_ISA_USAGE = YES_ERROR;
				CLANG_WARN_DOCUMENTATION_COMMENTS = YES;
				CLANG_WARN_EMPTY_BODY = YES;
				CLANG_WARN_ENUM_CONVERSION = YES;
				CLANG_WARN_INFINITE_RECURSION = YES;
				CLANG_WARN_INT_CONVERSION = YES;
				CLANG_WARN_NON_LITERAL_NULL_CONVERSION = YES;
				CLANG_WARN_OBJC_IMPLICIT_RETAIN_SELF = YES;
				CLANG_WARN_OBJC_LITERAL_CONVERSION = YES;
				CLANG_WARN_OBJC_ROOT_CLASS = YES_ERROR;
				CLANG_WARN_QUOTED_INCLUDE_IN_FRAMEWORK_HEADER = YES;
				CLANG_WARN_RANGE_LOOP_ANALYSIS = YES;
				CLANG_WARN_STRICT_PROTOTYPES = YES;
				CLANG_WARN_SUSPICIOUS_MOVE = YES;
				CLANG_WARN_UNGUARDED_AVAILABILITY = YES_AGGRESSIVE;
				CLANG_WARN_UNREACHABLE_CODE = YES;
				CLANG_WARN__DUPLICATE_METHOD_MATCH = YES;
				COCO_API_BASE_URL = "https://dev-cocoapp.viteri.me";
				COPY_PHASE_STRIP = NO;
				CURRENT_PROJECT_VERSION = 1;
				DEBUG_INFORMATION_FORMAT = dwarf;
				ENABLE_STRICT_OBJC_MSGSEND = YES;
				ENABLE_TESTABILITY = YES;
				GCC_C_LANGUAGE_STANDARD = gnu11;
				GCC_DYNAMIC_NO_PIC = NO;
				GCC_NO_COMMON_BLOCKS = YES;
				GCC_OPTIMIZATION_LEVEL = 0;
				GCC_PREPROCESSOR_DEFINITIONS = (
					"$(inherited)",
					"DEBUG=1",
				);
				GCC_WARN_64_TO_32_BIT_CONVERSION = YES;
				GCC_WARN_ABOUT_RETURN_TYPE = YES_ERROR;
				GCC_WARN_UNDECLARED_SELECTOR = YES;
				GCC_WARN_UNINITIALIZED_AUTOS = YES_AGGRESSIVE;
				GCC_WARN_UNUSED_FUNCTION = YES;
				GCC_WARN_UNUSED_VARIABLE = YES;
				IPHONEOS_DEPLOYMENT_TARGET = 17.0;
				MARKETING_VERSION = 0.1.0;
				MTL_ENABLE_DEBUG_INFO = INCLUDE_SOURCE;
				MTL_FAST_MATH = YES;
				ONLY_ACTIVE_ARCH = YES;
				PRODUCT_NAME = "$(TARGET_NAME)";
				SDKROOT = iphoneos;
				SWIFT_ACTIVE_COMPILATION_CONDITIONS = DEBUG;
				SWIFT_EMIT_LOC_STRINGS = NO;
				SWIFT_OPTIMIZATION_LEVEL = "-Onone";
				SWIFT_VERSION = 6.0;
			};
			name = Debug;
		};
		48A300B256CF60E59D07B90A /* Release */ = {
			isa = XCBuildConfiguration;
			baseConfigurationReference = D58A78C4BAC8FB1DDC57D623 /* Signing.xcconfig */;
			buildSettings = {
				ALWAYS_SEARCH_USER_PATHS = NO;
				CLANG_ANALYZER_NONNULL = YES;
				CLANG_ANALYZER_NUMBER_OBJECT_CONVERSION = YES_AGGRESSIVE;
				CLANG_CXX_LANGUAGE_STANDARD = "gnu++14";
				CLANG_CXX_LIBRARY = "libc++";
				CLANG_ENABLE_MODULES = YES;
				CLANG_ENABLE_OBJC_ARC = YES;
				CLANG_ENABLE_OBJC_WEAK = YES;
				CLANG_WARN_BLOCK_CAPTURE_AUTORELEASING = YES;
				CLANG_WARN_BOOL_CONVERSION = YES;
				CLANG_WARN_COMMA = YES;
				CLANG_WARN_CONSTANT_CONVERSION = YES;
				CLANG_WARN_DEPRECATED_OBJC_IMPLEMENTATIONS = YES;
				CLANG_WARN_DIRECT_OBJC_ISA_USAGE = YES_ERROR;
				CLANG_WARN_DOCUMENTATION_COMMENTS = YES;
				CLANG_WARN_EMPTY_BODY = YES;
				CLANG_WARN_ENUM_CONVERSION = YES;
				CLANG_WARN_INFINITE_RECURSION = YES;
				CLANG_WARN_INT_CONVERSION = YES;
				CLANG_WARN_NON_LITERAL_NULL_CONVERSION = YES;
				CLANG_WARN_OBJC_IMPLICIT_RETAIN_SELF = YES;
				CLANG_WARN_OBJC_LITERAL_CONVERSION = YES;
				CLANG_WARN_OBJC_ROOT_CLASS = YES_ERROR;
				CLANG_WARN_QUOTED_INCLUDE_IN_FRAMEWORK_HEADER = YES;
				CLANG_WARN_RANGE_LOOP_ANALYSIS = YES;
				CLANG_WARN_STRICT_PROTOTYPES = YES;
				CLANG_WARN_SUSPICIOUS_MOVE = YES;
				CLANG_WARN_UNGUARDED_AVAILABILITY = YES_AGGRESSIVE;
				CLANG_WARN_UNREACHABLE_CODE = YES;
				CLANG_WARN__DUPLICATE_METHOD_MATCH = YES;
				COCO_API_BASE_URL = "https://dev-cocoapp.viteri.me";
				COPY_PHASE_STRIP = NO;
				CURRENT_PROJECT_VERSION = 1;
				DEBUG_INFORMATION_FORMAT = "dwarf-with-dsym";
				ENABLE_NS_ASSERTIONS = NO;
				ENABLE_STRICT_OBJC_MSGSEND = YES;
				GCC_C_LANGUAGE_STANDARD = gnu11;
				GCC_NO_COMMON_BLOCKS = YES;
				GCC_WARN_64_TO_32_BIT_CONVERSION = YES;
				GCC_WARN_ABOUT_RETURN_TYPE = YES_ERROR;
				GCC_WARN_UNDECLARED_SELECTOR = YES;
				GCC_WARN_UNINITIALIZED_AUTOS = YES_AGGRESSIVE;
				GCC_WARN_UNUSED_FUNCTION = YES;
				GCC_WARN_UNUSED_VARIABLE = YES;
				IPHONEOS_DEPLOYMENT_TARGET = 17.0;
				MARKETING_VERSION = 0.1.0;
				MTL_ENABLE_DEBUG_INFO = NO;
				MTL_FAST_MATH = YES;
				PRODUCT_NAME = "$(TARGET_NAME)";
				SDKROOT = iphoneos;
				SWIFT_COMPILATION_MODE = wholemodule;
				SWIFT_EMIT_LOC_STRINGS = NO;
				SWIFT_OPTIMIZATION_LEVEL = "-O";
				SWIFT_VERSION = 6.0;
			};
			name = Release;
		};
		B70C1A000A9B07995F2D1749 /* Debug */ = {
			isa = XCBuildConfiguration;
			buildSettings = {
				ASSETCATALOG_COMPILER_APPICON_NAME = AppIcon;
				CODE_SIGN_IDENTITY = "iPhone Developer";
				ENABLE_PREVIEWS = YES;
				INFOPLIST_FILE = Coco/Resources/Info.plist;
				LD_RUNPATH_SEARCH_PATHS = (
					"$(inherited)",
					"@executable_path/Frameworks",
				);
				PRODUCT_BUNDLE_IDENTIFIER = co.loatech.coco;
				SDKROOT = iphoneos;
				TARGETED_DEVICE_FAMILY = 1;
			};
			name = Debug;
		};
		CD9A71D52EE4B6600004613A /* Debug */ = {
			isa = XCBuildConfiguration;
			buildSettings = {
				ASSETCATALOG_COMPILER_GLOBAL_ACCENT_COLOR_NAME = AccentColor;
				INFOPLIST_FILE = CocoWidgets/Info.plist;
				IPHONEOS_DEPLOYMENT_TARGET = 17.0;
				LD_RUNPATH_SEARCH_PATHS = (
					"$(inherited)",
					"@executable_path/Frameworks",
					"@executable_path/../../Frameworks",
				);
				PRODUCT_BUNDLE_IDENTIFIER = co.loatech.coco.widgets;
				SDKROOT = iphoneos;
				SKIP_INSTALL = YES;
				TARGETED_DEVICE_FAMILY = 1;
			};
			name = Debug;
		};
		DA2D04C6F2655FD0C2C77E73 /* Debug */ = {
			isa = XCBuildConfiguration;
			buildSettings = {
				BUNDLE_LOADER = "$(TEST_HOST)";
				INFOPLIST_FILE = CocoTests/Info.plist;
				LD_RUNPATH_SEARCH_PATHS = (
					"$(inherited)",
					"@executable_path/Frameworks",
					"@loader_path/Frameworks",
				);
				PRODUCT_BUNDLE_IDENTIFIER = co.loatech.coco.tests;
				SDKROOT = iphoneos;
				TARGETED_DEVICE_FAMILY = "1,2";
				TEST_HOST = "$(BUILT_PRODUCTS_DIR)/Coco.app/Coco";
			};
			name = Debug;
		};
		F31BF5BF171910F1CA21C5C2 /* Release */ = {
			isa = XCBuildConfiguration;
			buildSettings = {
				ASSETCATALOG_COMPILER_GLOBAL_ACCENT_COLOR_NAME = AccentColor;
				INFOPLIST_FILE = CocoWidgets/Info.plist;
				IPHONEOS_DEPLOYMENT_TARGET = 17.0;
				LD_RUNPATH_SEARCH_PATHS = (
					"$(inherited)",
					"@executable_path/Frameworks",
					"@executable_path/../../Frameworks",
				);
				PRODUCT_BUNDLE_IDENTIFIER = co.loatech.coco.widgets;
				SDKROOT = iphoneos;
				SKIP_INSTALL = YES;
				TARGETED_DEVICE_FAMILY = 1;
			};
			name = Release;
		};
		F7B5A94B92A19AD2008A46A1 /* Release */ = {
			isa = XCBuildConfiguration;
			buildSettings = {
				ASSETCATALOG_COMPILER_APPICON_NAME = AppIcon;
				CODE_SIGN_IDENTITY = "iPhone Developer";
				ENABLE_PREVIEWS = YES;
				INFOPLIST_FILE = Coco/Resources/Info.plist;
				LD_RUNPATH_SEARCH_PATHS = (
					"$(inherited)",
					"@executable_path/Frameworks",
				);
				PRODUCT_BUNDLE_IDENTIFIER = co.loatech.coco;
				SDKROOT = iphoneos;
				TARGETED_DEVICE_FAMILY = 1;
			};
			name = Release;
		};
/* End XCBuildConfiguration section */

/* Begin XCConfigurationList section */
		48776C031DC1DF4EB6FB858B /* Build configuration list for PBXProject "Coco" */ = {
			isa = XCConfigurationList;
			buildConfigurations = (
				19460309EB469192D39A7B6C /* Debug */,
				48A300B256CF60E59D07B90A /* Release */,
			);
			defaultConfigurationIsVisible = 0;
			defaultConfigurationName = Debug;
		};
		4D6CCD1A780F9D5C99B69C89 /* Build configuration list for PBXNativeTarget "Coco" */ = {
			isa = XCConfigurationList;
			buildConfigurations = (
				B70C1A000A9B07995F2D1749 /* Debug */,
				F7B5A94B92A19AD2008A46A1 /* Release */,
			);
			defaultConfigurationIsVisible = 0;
			defaultConfigurationName = Debug;
		};
		4EF1F111FB2E0F2B390D928F /* Build configuration list for PBXNativeTarget "CocoTests" */ = {
			isa = XCConfigurationList;
			buildConfigurations = (
				DA2D04C6F2655FD0C2C77E73 /* Debug */,
				0A865815786959AC865A9DBB /* Release */,
			);
			defaultConfigurationIsVisible = 0;
			defaultConfigurationName = Debug;
		};
		8AD552A944C090B1F128F2B1 /* Build configuration list for PBXNativeTarget "CocoWidgets" */ = {
			isa = XCConfigurationList;
			buildConfigurations = (
				CD9A71D52EE4B6600004613A /* Debug */,
				F31BF5BF171910F1CA21C5C2 /* Release */,
			);
			defaultConfigurationIsVisible = 0;
			defaultConfigurationName = Debug;
		};
/* End XCConfigurationList section */
	};
	rootObject = 494DAA59E0F4BE1556ACEB87 /* Project object */;
}
